Microsoft Visual Studio Solution File, Format Version 12.00
# Visual Studio Version 16
VisualStudioVersion = 16.0.29009.5
MinimumVisualStudioVersion = 10.0.40219.1
Project("{2150E333-8FDC-42A3-9474-1A3956D46DE8}") = "SimControl.Samples.CSharp", "SimControl.Samples.CSharp", "{8D3C5AA5-4B6A-4FFB-A18A-3CE27E2563AB}"
EndProject
Project("{2150E333-8FDC-42A3-9474-1A3956D46DE8}") = "SimControl.ItemTemplates.CSharp.Class", "SimControl.ItemTemplates.CSharp.Class", "{35AC83A2-3064-4CCE-A62C-8BBA850A913B}"
	ProjectSection(SolutionItems) = preProject
		SimControl.ItemTemplates.CSharp.Class\Class.cs = SimControl.ItemTemplates.CSharp.Class\Class.cs
		SimControl.ItemTemplates.CSharp.Class\SimControl.ItemTemplates.CSharp.Class.vstemplate = SimControl.ItemTemplates.CSharp.Class\SimControl.ItemTemplates.CSharp.Class.vstemplate
		SimControl.ItemTemplates.CSharp.Class\TemplateIcon.ico = SimControl.ItemTemplates.CSharp.Class\TemplateIcon.ico
	EndProjectSection
EndProject
Project("{FAE04EC0-301F-11D3-BF4B-00C04F79EFBC}") = "SimControl.Reactive", "SimControl.Reactive\SimControl.Reactive.csproj", "{DE345B4E-6256-4800-87B0-19277691D51E}"
EndProject
Project("{FAE04EC0-301F-11D3-BF4B-00C04F79EFBC}") = "SimControl.Reactive.Tests", "SimControl.Reactive.Tests\SimControl.Reactive.Tests.csproj", "{F9BE2A77-54D0-4981-93BA-98D1B6FA4A84}"
EndProject
Project("{2150E333-8FDC-42A3-9474-1A3956D46DE8}") = "Solution Items", "Solution Items", "{3E580E85-7BEF-4114-B8C5-E0486B5282C8}"
	ProjectSection(SolutionItems) = preProject
		.gitattributes = .gitattributes
		.gitignore = .gitignore
		App.config = App.config
		App.Debug.config = App.Debug.config
		App.Release.config = App.Release.config
		CodeAnalysisDictionary.xml = CodeAnalysisDictionary.xml
		CodeAnalysisRules.ruleset = CodeAnalysisRules.ruleset
		CodeAnalysisTestRules.ruleset = CodeAnalysisTestRules.ruleset
		LICENSE = LICENSE
		NLog.config = NLog.config
		NuGet update -self.ps1 = NuGet update -self.ps1
		NuGet.BuildPackages.ps1 = NuGet.BuildPackages.ps1
		NuGet.PushSymbolPackages.ps1 = NuGet.PushSymbolPackages.ps1
		NuGetIcon.png = NuGetIcon.png
		NUnit.runsettings = NUnit.runsettings
		PlantUMLSample.plantuml = PlantUMLSample.plantuml
		PostSharp.Custom.targets = PostSharp.Custom.targets
		README.md = README.md
		Release-Notes.md = Release-Notes.md
		SimControl.Reactive.v3.ncrunchsolution = SimControl.Reactive.v3.ncrunchsolution
		SimControl.Samples.VisualState.xml = SimControl.Samples.VisualState.xml
		SolutionAssemblyInfo.cs = SolutionAssemblyInfo.cs
		STATUS.md = STATUS.md
		Templates.Build.ps1 = Templates.Build.ps1
		Templates.Install.ps1 = Templates.Install.ps1
		WE-Markdown.css = WE-Markdown.css
	EndProjectSection
EndProject
Project("{FAE04EC0-301F-11D3-BF4B-00C04F79EFBC}") = "SimControl.Samples.CSharp.Wcf.Service", "SimControl.Samples.CSharp.Wcf.Service\SimControl.Samples.CSharp.Wcf.Service.csproj", "{B1C2BECA-356C-4D9B-8660-B515307E1871}"
EndProject
Project("{2150E333-8FDC-42A3-9474-1A3956D46DE8}") = "tools", "tools", "{07A28337-B2B3-4FEC-AE99-51F2FB52FBAA}"
EndProject
Project("{2150E333-8FDC-42A3-9474-1A3956D46DE8}") = "NuGet", "NuGet", "{1CA8F84E-C5C8-4C25-8A4F-74B43936CD74}"
	ProjectSection(SolutionItems) = preProject
		tools\NuGet\NuGet.exe = tools\NuGet\NuGet.exe
	EndProjectSection
EndProject
Project("{FAE04EC0-301F-11D3-BF4B-00C04F79EFBC}") = "SimControl.Samples.CSharp.WpfApplication", "SimControl.Samples.CSharp.WpfApplication\SimControl.Samples.CSharp.WpfApplication.csproj", "{D5271804-ADE2-4E9D-AEC6-4339F24F70E3}"
EndProject
Project("{2150E333-8FDC-42A3-9474-1A3956D46DE8}") = "Snippets", "Snippets", "{28444022-6A98-4F24-AC5B-DC35500D5C93}"
	ProjectSection(SolutionItems) = preProject
		Snippets\dispose.snippet = Snippets\dispose.snippet
		Snippets\inheritdoc.snippet = Snippets\inheritdoc.snippet
		Snippets\simcontrol.snippet = Snippets\simcontrol.snippet
		Snippets\testmethod.snippet = Snippets\testmethod.snippet
	EndProjectSection
EndProject
Project("{2150E333-8FDC-42A3-9474-1A3956D46DE8}") = "SimControl.ItemTemplates.CSharp.TestClass", "SimControl.ItemTemplates.CSharp.TestClass", "{529C4463-2CB9-4739-B407-E1167BC8A4F6}"
	ProjectSection(SolutionItems) = preProject
		SimControl.ItemTemplates.CSharp.TestClass\SimControl.ItemTemplates.CSharp.TestClass.vstemplate = SimControl.ItemTemplates.CSharp.TestClass\SimControl.ItemTemplates.CSharp.TestClass.vstemplate
		SimControl.ItemTemplates.CSharp.TestClass\TemplateIcon.ico = SimControl.ItemTemplates.CSharp.TestClass\TemplateIcon.ico
		SimControl.ItemTemplates.CSharp.TestClass\TestClass.cs = SimControl.ItemTemplates.CSharp.TestClass\TestClass.cs
	EndProjectSection
EndProject
Project("{2150E333-8FDC-42A3-9474-1A3956D46DE8}") = "SimControl", "SimControl", "{C498F6C2-8A33-4BB8-82C8-9C9CB6757D29}"
EndProject
Project("{2150E333-8FDC-42A3-9474-1A3956D46DE8}") = "SimControl.ItemTemplates", "SimControl.ItemTemplates", "{4ED78A4F-B2C7-49EE-9D49-912B93BEDEB6}"
EndProject
Project("{2150E333-8FDC-42A3-9474-1A3956D46DE8}") = "SimControl.Templates.CSharp", "SimControl.Templates.CSharp", "{79384A33-5F3F-4B83-9B7E-9FC91709C362}"
	ProjectSection(SolutionItems) = preProject
		SimControl.Templates.CSharp.Tests\app.config = SimControl.Templates.CSharp.Tests\app.config
	EndProjectSection
EndProject
Project("{9A19103F-16F7-4668-BE54-9A1E7A4F7556}") = "SimControl.Templates.CSharp.ClassLibrary", "SimControl.Templates.CSharp.ClassLibrary\SimControl.Templates.CSharp.ClassLibrary.csproj", "{42328CAD-9A5E-482A-AC7C-7CAC96A9EF70}"
EndProject
Project("{9A19103F-16F7-4668-BE54-9A1E7A4F7556}") = "SimControl.Templates.CSharp.ConsoleApp", "SimControl.Templates.CSharp.ConsoleApp\SimControl.Templates.CSharp.ConsoleApp.csproj", "{D8AEFB12-2E98-4704-B460-F08BCFDA3920}"
EndProject
Project("{9A19103F-16F7-4668-BE54-9A1E7A4F7556}") = "SimControl.Templates.CSharp.Tests", "SimControl.Templates.CSharp.Tests\SimControl.Templates.CSharp.Tests.csproj", "{831210E9-F3F1-4E1E-A5C5-374CC9900603}"
EndProject
Project("{FAE04EC0-301F-11D3-BF4B-00C04F79EFBC}") = "SimControl.Templates.CSharp.ClassLibraryOld", "SimControl.Templates.CSharp.ClassLibraryOld\SimControl.Templates.CSharp.ClassLibraryOld.csproj", "{4DDFDA5D-6373-47FE-B4CB-59353E9AB1F5}"
EndProject
Project("{FAE04EC0-301F-11D3-BF4B-00C04F79EFBC}") = "SimControl.Templates.CSharp.ConsoleAppOld", "SimControl.Templates.CSharp.ConsoleAppOld\SimControl.Templates.CSharp.ConsoleAppOld.csproj", "{956E6D60-187E-4528-8480-3D648015229F}"
EndProject
Project("{9A19103F-16F7-4668-BE54-9A1E7A4F7556}") = "SimControl.Log", "SimControl.Log\SimControl.Log.csproj", "{4D78D548-EB9A-4562-9191-89B8256514DC}"
EndProject
Project("{9A19103F-16F7-4668-BE54-9A1E7A4F7556}") = "SimControl.Templates.CSharp.NUnitTestProject", "SimControl.Templates.CSharp.NUnitTestProject\SimControl.Templates.CSharp.NUnitTestProject.csproj", "{5B881A26-ECD0-44D8-A143-206FEB27004B}"
EndProject
Project("{FAE04EC0-301F-11D3-BF4B-00C04F79EFBC}") = "SimControl.Samples.CSharp.ClassLibraryEx", "SimControl.Samples.CSharp.ClassLibraryEx\SimControl.Samples.CSharp.ClassLibraryEx.csproj", "{F7D2F271-17E6-42E2-842F-784EFDF72C70}"
EndProject
Project("{9A19103F-16F7-4668-BE54-9A1E7A4F7556}") = "SimControl.Samples.CSharp.ClassLibrary", "SimControl.Samples.CSharp.ClassLibrary\SimControl.Samples.CSharp.ClassLibrary.csproj", "{096B551A-CFB4-4A1A-AED1-4F7310D1800B}"
EndProject
Project("{9A19103F-16F7-4668-BE54-9A1E7A4F7556}") = "SimControl.Samples.CSharp.Tests", "SimControl.Samples.CSharp.Tests\SimControl.Samples.CSharp.Tests.csproj", "{6DE0294D-9968-4395-8801-239A97655609}"
EndProject
Project("{FAE04EC0-301F-11D3-BF4B-00C04F79EFBC}") = "SimControl.Samples.CSharp.ClassLibraryOld", "SimControl.Samples.CSharp.ClassLibraryOld\SimControl.Samples.CSharp.ClassLibraryOld.csproj", "{D72F9BFD-266A-4ED2-96D3-370673D434EF}"
EndProject
Project("{FAE04EC0-301F-11D3-BF4B-00C04F79EFBC}") = "SimControl.Templates.CSharp.NUnitTestProjectOld", "SimControl.Templates.CSharp.NUnitTestProjectOld\SimControl.Templates.CSharp.NUnitTestProjectOld.csproj", "{F142684C-92CD-4B03-BBBE-5D2DB1C9CD7D}"
EndProject
Project("{FAE04EC0-301F-11D3-BF4B-00C04F79EFBC}") = "SimControl.Samples.CSharp.TestsOld", "SimControl.Samples.CSharp.TestsOld\SimControl.Samples.CSharp.TestsOld.csproj", "{38169C58-C814-4169-B9D9-74418FCEBBF3}"
EndProject
Project("{FAE04EC0-301F-11D3-BF4B-00C04F79EFBC}") = "SimControl.Templates.CSharp.WcfServiceLibrary", "SimControl.Templates.CSharp.WcfServiceLibrary\SimControl.Templates.CSharp.WcfServiceLibrary.csproj", "{93032712-F581-42D4-910F-670BDB44877F}"
EndProject
Project("{FAE04EC0-301F-11D3-BF4B-00C04F79EFBC}") = "SimControl.Samples.CSharp.ConsoleAppOld", "SimControl.Samples.CSharp.ConsoleAppOld\SimControl.Samples.CSharp.ConsoleAppOld.csproj", "{A682B8CC-92F8-4429-A634-2D0C6983EEB0}"
EndProject
Project("{9A19103F-16F7-4668-BE54-9A1E7A4F7556}") = "SimControl.Samples.CSharp.ConsoleApp", "SimControl.Samples.CSharp.ConsoleApp\SimControl.Samples.CSharp.ConsoleApp.csproj", "{DD4CB898-FBE0-4C28-94C3-12239532B611}"
EndProject
Project("{9A19103F-16F7-4668-BE54-9A1E7A4F7556}") = "SimControl.TestUtils", "SimControl.TestUtils\SimControl.TestUtils.csproj", "{3C6A3FC3-D929-495A-9E6B-C8335E78306D}"
EndProject
Project("{FAE04EC0-301F-11D3-BF4B-00C04F79EFBC}") = "SimControl.Samples.CSharp.WcfClient.Net40", "SimControl.Samples.CSharp.WcfClient.Net40\SimControl.Samples.CSharp.WcfClient.Net40.csproj", "{FF246CB1-D957-4E84-9EDD-30D1B0D79FF4}"
EndProject
Project("{FAE04EC0-301F-11D3-BF4B-00C04F79EFBC}") = "SimControl.Samples.CSharp.WcfClient.Net472", "SimControl.Samples.CSharp.WcfClient.Net472\SimControl.Samples.CSharp.WcfClient.Net472.csproj", "{DE5A0490-C958-484E-88FC-1988B52D76A8}"
EndProject
Project("{FAE04EC0-301F-11D3-BF4B-00C04F79EFBC}") = "SimControl.Samples.CSharp.WcfServiceLibrary.Net40", "SimControl.Samples.CSharp.WcfServiceLibrary.Net40\SimControl.Samples.CSharp.WcfServiceLibrary.Net40.csproj", "{B6CF5DE8-6733-484A-BEE2-C2535AAE6D0D}"
EndProject
Project("{FAE04EC0-301F-11D3-BF4B-00C04F79EFBC}") = "SimControl.Samples.CSharp.WcfServiceLibrary.Net472", "SimControl.Samples.CSharp.WcfServiceLibrary.Net472\SimControl.Samples.CSharp.WcfServiceLibrary.Net472.csproj", "{7F54BB7A-6FBC-46B7-9682-39F791971765}"
EndProject
Global
	GlobalSection(SolutionConfigurationPlatforms) = preSolution
		Debug|Any CPU = Debug|Any CPU
		Debug|Mixed Platforms = Debug|Mixed Platforms
		Debug|Win32 = Debug|Win32
		Debug|x64 = Debug|x64
		Debug|x86 = Debug|x86
		Release|Any CPU = Release|Any CPU
		Release|Mixed Platforms = Release|Mixed Platforms
		Release|Win32 = Release|Win32
		Release|x64 = Release|x64
		Release|x86 = Release|x86
	EndGlobalSection
	GlobalSection(ProjectConfigurationPlatforms) = postSolution
		{DE345B4E-6256-4800-87B0-19277691D51E}.Debug|Any CPU.ActiveCfg = Debug|Any CPU
		{DE345B4E-6256-4800-87B0-19277691D51E}.Debug|Any CPU.Build.0 = Debug|Any CPU
		{DE345B4E-6256-4800-87B0-19277691D51E}.Debug|Mixed Platforms.ActiveCfg = Debug|Any CPU
		{DE345B4E-6256-4800-87B0-19277691D51E}.Debug|Mixed Platforms.Build.0 = Debug|Any CPU
		{DE345B4E-6256-4800-87B0-19277691D51E}.Debug|Win32.ActiveCfg = Debug|Any CPU
		{DE345B4E-6256-4800-87B0-19277691D51E}.Debug|x64.ActiveCfg = Debug|Any CPU
		{DE345B4E-6256-4800-87B0-19277691D51E}.Debug|x86.ActiveCfg = Debug|Any CPU
		{DE345B4E-6256-4800-87B0-19277691D51E}.Debug|x86.Build.0 = Debug|Any CPU
		{DE345B4E-6256-4800-87B0-19277691D51E}.Release|Any CPU.ActiveCfg = Release|Any CPU
		{DE345B4E-6256-4800-87B0-19277691D51E}.Release|Any CPU.Build.0 = Release|Any CPU
		{DE345B4E-6256-4800-87B0-19277691D51E}.Release|Mixed Platforms.ActiveCfg = Release|Any CPU
		{DE345B4E-6256-4800-87B0-19277691D51E}.Release|Mixed Platforms.Build.0 = Release|Any CPU
		{DE345B4E-6256-4800-87B0-19277691D51E}.Release|Win32.ActiveCfg = Release|Any CPU
		{DE345B4E-6256-4800-87B0-19277691D51E}.Release|x64.ActiveCfg = Release|Any CPU
		{DE345B4E-6256-4800-87B0-19277691D51E}.Release|x86.ActiveCfg = Release|Any CPU
		{DE345B4E-6256-4800-87B0-19277691D51E}.Release|x86.Build.0 = Release|Any CPU
		{F9BE2A77-54D0-4981-93BA-98D1B6FA4A84}.Debug|Any CPU.ActiveCfg = Debug|Any CPU
		{F9BE2A77-54D0-4981-93BA-98D1B6FA4A84}.Debug|Any CPU.Build.0 = Debug|Any CPU
		{F9BE2A77-54D0-4981-93BA-98D1B6FA4A84}.Debug|Mixed Platforms.ActiveCfg = Debug|Any CPU
		{F9BE2A77-54D0-4981-93BA-98D1B6FA4A84}.Debug|Mixed Platforms.Build.0 = Debug|Any CPU
		{F9BE2A77-54D0-4981-93BA-98D1B6FA4A84}.Debug|Win32.ActiveCfg = Debug|Any CPU
		{F9BE2A77-54D0-4981-93BA-98D1B6FA4A84}.Debug|x64.ActiveCfg = Debug|Any CPU
		{F9BE2A77-54D0-4981-93BA-98D1B6FA4A84}.Debug|x86.ActiveCfg = Debug|Any CPU
		{F9BE2A77-54D0-4981-93BA-98D1B6FA4A84}.Debug|x86.Build.0 = Debug|Any CPU
		{F9BE2A77-54D0-4981-93BA-98D1B6FA4A84}.Release|Any CPU.ActiveCfg = Release|Any CPU
		{F9BE2A77-54D0-4981-93BA-98D1B6FA4A84}.Release|Any CPU.Build.0 = Release|Any CPU
		{F9BE2A77-54D0-4981-93BA-98D1B6FA4A84}.Release|Mixed Platforms.ActiveCfg = Release|Any CPU
		{F9BE2A77-54D0-4981-93BA-98D1B6FA4A84}.Release|Mixed Platforms.Build.0 = Release|Any CPU
		{F9BE2A77-54D0-4981-93BA-98D1B6FA4A84}.Release|Win32.ActiveCfg = Release|Any CPU
		{F9BE2A77-54D0-4981-93BA-98D1B6FA4A84}.Release|x64.ActiveCfg = Release|Any CPU
		{F9BE2A77-54D0-4981-93BA-98D1B6FA4A84}.Release|x86.ActiveCfg = Release|Any CPU
		{F9BE2A77-54D0-4981-93BA-98D1B6FA4A84}.Release|x86.Build.0 = Release|Any CPU
		{B1C2BECA-356C-4D9B-8660-B515307E1871}.Debug|Any CPU.ActiveCfg = Debug|Any CPU
		{B1C2BECA-356C-4D9B-8660-B515307E1871}.Debug|Any CPU.Build.0 = Debug|Any CPU
		{B1C2BECA-356C-4D9B-8660-B515307E1871}.Debug|Mixed Platforms.ActiveCfg = Debug|Any CPU
		{B1C2BECA-356C-4D9B-8660-B515307E1871}.Debug|Mixed Platforms.Build.0 = Debug|Any CPU
		{B1C2BECA-356C-4D9B-8660-B515307E1871}.Debug|Win32.ActiveCfg = Debug|Any CPU
		{B1C2BECA-356C-4D9B-8660-B515307E1871}.Debug|x64.ActiveCfg = Debug|Any CPU
		{B1C2BECA-356C-4D9B-8660-B515307E1871}.Debug|x86.ActiveCfg = Debug|Any CPU
		{B1C2BECA-356C-4D9B-8660-B515307E1871}.Debug|x86.Build.0 = Debug|Any CPU
		{B1C2BECA-356C-4D9B-8660-B515307E1871}.Release|Any CPU.ActiveCfg = Release|Any CPU
		{B1C2BECA-356C-4D9B-8660-B515307E1871}.Release|Any CPU.Build.0 = Release|Any CPU
		{B1C2BECA-356C-4D9B-8660-B515307E1871}.Release|Mixed Platforms.ActiveCfg = Release|Any CPU
		{B1C2BECA-356C-4D9B-8660-B515307E1871}.Release|Mixed Platforms.Build.0 = Release|Any CPU
		{B1C2BECA-356C-4D9B-8660-B515307E1871}.Release|Win32.ActiveCfg = Release|Any CPU
		{B1C2BECA-356C-4D9B-8660-B515307E1871}.Release|x64.ActiveCfg = Release|Any CPU
		{B1C2BECA-356C-4D9B-8660-B515307E1871}.Release|x86.ActiveCfg = Release|Any CPU
		{B1C2BECA-356C-4D9B-8660-B515307E1871}.Release|x86.Build.0 = Release|Any CPU
		{D5271804-ADE2-4E9D-AEC6-4339F24F70E3}.Debug|Any CPU.ActiveCfg = Debug|Any CPU
		{D5271804-ADE2-4E9D-AEC6-4339F24F70E3}.Debug|Any CPU.Build.0 = Debug|Any CPU
		{D5271804-ADE2-4E9D-AEC6-4339F24F70E3}.Debug|Mixed Platforms.ActiveCfg = Debug|Any CPU
		{D5271804-ADE2-4E9D-AEC6-4339F24F70E3}.Debug|Mixed Platforms.Build.0 = Debug|Any CPU
		{D5271804-ADE2-4E9D-AEC6-4339F24F70E3}.Debug|Win32.ActiveCfg = Debug|Any CPU
		{D5271804-ADE2-4E9D-AEC6-4339F24F70E3}.Debug|x64.ActiveCfg = Debug|Any CPU
		{D5271804-ADE2-4E9D-AEC6-4339F24F70E3}.Debug|x86.ActiveCfg = Debug|Any CPU
		{D5271804-ADE2-4E9D-AEC6-4339F24F70E3}.Debug|x86.Build.0 = Debug|Any CPU
		{D5271804-ADE2-4E9D-AEC6-4339F24F70E3}.Release|Any CPU.ActiveCfg = Release|Any CPU
		{D5271804-ADE2-4E9D-AEC6-4339F24F70E3}.Release|Any CPU.Build.0 = Release|Any CPU
		{D5271804-ADE2-4E9D-AEC6-4339F24F70E3}.Release|Mixed Platforms.ActiveCfg = Release|Any CPU
		{D5271804-ADE2-4E9D-AEC6-4339F24F70E3}.Release|Mixed Platforms.Build.0 = Release|Any CPU
		{D5271804-ADE2-4E9D-AEC6-4339F24F70E3}.Release|Win32.ActiveCfg = Release|Any CPU
		{D5271804-ADE2-4E9D-AEC6-4339F24F70E3}.Release|x64.ActiveCfg = Release|Any CPU
		{D5271804-ADE2-4E9D-AEC6-4339F24F70E3}.Release|x86.ActiveCfg = Release|Any CPU
		{D5271804-ADE2-4E9D-AEC6-4339F24F70E3}.Release|x86.Build.0 = Release|Any CPU
		{42328CAD-9A5E-482A-AC7C-7CAC96A9EF70}.Debug|Any CPU.ActiveCfg = Debug|Any CPU
		{42328CAD-9A5E-482A-AC7C-7CAC96A9EF70}.Debug|Any CPU.Build.0 = Debug|Any CPU
		{42328CAD-9A5E-482A-AC7C-7CAC96A9EF70}.Debug|Mixed Platforms.ActiveCfg = Debug|Any CPU
		{42328CAD-9A5E-482A-AC7C-7CAC96A9EF70}.Debug|Mixed Platforms.Build.0 = Debug|Any CPU
		{42328CAD-9A5E-482A-AC7C-7CAC96A9EF70}.Debug|Win32.ActiveCfg = Debug|Any CPU
		{42328CAD-9A5E-482A-AC7C-7CAC96A9EF70}.Debug|Win32.Build.0 = Debug|Any CPU
		{42328CAD-9A5E-482A-AC7C-7CAC96A9EF70}.Debug|x64.ActiveCfg = Debug|Any CPU
		{42328CAD-9A5E-482A-AC7C-7CAC96A9EF70}.Debug|x64.Build.0 = Debug|Any CPU
		{42328CAD-9A5E-482A-AC7C-7CAC96A9EF70}.Debug|x86.ActiveCfg = Debug|Any CPU
		{42328CAD-9A5E-482A-AC7C-7CAC96A9EF70}.Debug|x86.Build.0 = Debug|Any CPU
		{42328CAD-9A5E-482A-AC7C-7CAC96A9EF70}.Release|Any CPU.ActiveCfg = Release|Any CPU
		{42328CAD-9A5E-482A-AC7C-7CAC96A9EF70}.Release|Any CPU.Build.0 = Release|Any CPU
		{42328CAD-9A5E-482A-AC7C-7CAC96A9EF70}.Release|Mixed Platforms.ActiveCfg = Release|Any CPU
		{42328CAD-9A5E-482A-AC7C-7CAC96A9EF70}.Release|Mixed Platforms.Build.0 = Release|Any CPU
		{42328CAD-9A5E-482A-AC7C-7CAC96A9EF70}.Release|Win32.ActiveCfg = Release|Any CPU
		{42328CAD-9A5E-482A-AC7C-7CAC96A9EF70}.Release|Win32.Build.0 = Release|Any CPU
		{42328CAD-9A5E-482A-AC7C-7CAC96A9EF70}.Release|x64.ActiveCfg = Release|Any CPU
		{42328CAD-9A5E-482A-AC7C-7CAC96A9EF70}.Release|x64.Build.0 = Release|Any CPU
		{42328CAD-9A5E-482A-AC7C-7CAC96A9EF70}.Release|x86.ActiveCfg = Release|Any CPU
		{42328CAD-9A5E-482A-AC7C-7CAC96A9EF70}.Release|x86.Build.0 = Release|Any CPU
		{D8AEFB12-2E98-4704-B460-F08BCFDA3920}.Debug|Any CPU.ActiveCfg = Debug|Any CPU
		{D8AEFB12-2E98-4704-B460-F08BCFDA3920}.Debug|Any CPU.Build.0 = Debug|Any CPU
		{D8AEFB12-2E98-4704-B460-F08BCFDA3920}.Debug|Mixed Platforms.ActiveCfg = Debug|Any CPU
		{D8AEFB12-2E98-4704-B460-F08BCFDA3920}.Debug|Mixed Platforms.Build.0 = Debug|Any CPU
		{D8AEFB12-2E98-4704-B460-F08BCFDA3920}.Debug|Win32.ActiveCfg = Debug|Any CPU
		{D8AEFB12-2E98-4704-B460-F08BCFDA3920}.Debug|Win32.Build.0 = Debug|Any CPU
		{D8AEFB12-2E98-4704-B460-F08BCFDA3920}.Debug|x64.ActiveCfg = Debug|Any CPU
		{D8AEFB12-2E98-4704-B460-F08BCFDA3920}.Debug|x64.Build.0 = Debug|Any CPU
		{D8AEFB12-2E98-4704-B460-F08BCFDA3920}.Debug|x86.ActiveCfg = Debug|Any CPU
		{D8AEFB12-2E98-4704-B460-F08BCFDA3920}.Debug|x86.Build.0 = Debug|Any CPU
		{D8AEFB12-2E98-4704-B460-F08BCFDA3920}.Release|Any CPU.ActiveCfg = Release|Any CPU
		{D8AEFB12-2E98-4704-B460-F08BCFDA3920}.Release|Any CPU.Build.0 = Release|Any CPU
		{D8AEFB12-2E98-4704-B460-F08BCFDA3920}.Release|Mixed Platforms.ActiveCfg = Release|Any CPU
		{D8AEFB12-2E98-4704-B460-F08BCFDA3920}.Release|Mixed Platforms.Build.0 = Release|Any CPU
		{D8AEFB12-2E98-4704-B460-F08BCFDA3920}.Release|Win32.ActiveCfg = Release|Any CPU
		{D8AEFB12-2E98-4704-B460-F08BCFDA3920}.Release|Win32.Build.0 = Release|Any CPU
		{D8AEFB12-2E98-4704-B460-F08BCFDA3920}.Release|x64.ActiveCfg = Release|Any CPU
		{D8AEFB12-2E98-4704-B460-F08BCFDA3920}.Release|x64.Build.0 = Release|Any CPU
		{D8AEFB12-2E98-4704-B460-F08BCFDA3920}.Release|x86.ActiveCfg = Release|Any CPU
		{D8AEFB12-2E98-4704-B460-F08BCFDA3920}.Release|x86.Build.0 = Release|Any CPU
		{831210E9-F3F1-4E1E-A5C5-374CC9900603}.Debug|Any CPU.ActiveCfg = Debug|Any CPU
		{831210E9-F3F1-4E1E-A5C5-374CC9900603}.Debug|Any CPU.Build.0 = Debug|Any CPU
		{831210E9-F3F1-4E1E-A5C5-374CC9900603}.Debug|Mixed Platforms.ActiveCfg = Debug|Any CPU
		{831210E9-F3F1-4E1E-A5C5-374CC9900603}.Debug|Mixed Platforms.Build.0 = Debug|Any CPU
		{831210E9-F3F1-4E1E-A5C5-374CC9900603}.Debug|Win32.ActiveCfg = Debug|Any CPU
		{831210E9-F3F1-4E1E-A5C5-374CC9900603}.Debug|Win32.Build.0 = Debug|Any CPU
		{831210E9-F3F1-4E1E-A5C5-374CC9900603}.Debug|x64.ActiveCfg = Debug|Any CPU
		{831210E9-F3F1-4E1E-A5C5-374CC9900603}.Debug|x64.Build.0 = Debug|Any CPU
		{831210E9-F3F1-4E1E-A5C5-374CC9900603}.Debug|x86.ActiveCfg = Debug|Any CPU
		{831210E9-F3F1-4E1E-A5C5-374CC9900603}.Debug|x86.Build.0 = Debug|Any CPU
		{831210E9-F3F1-4E1E-A5C5-374CC9900603}.Release|Any CPU.ActiveCfg = Release|Any CPU
		{831210E9-F3F1-4E1E-A5C5-374CC9900603}.Release|Any CPU.Build.0 = Release|Any CPU
		{831210E9-F3F1-4E1E-A5C5-374CC9900603}.Release|Mixed Platforms.ActiveCfg = Release|Any CPU
		{831210E9-F3F1-4E1E-A5C5-374CC9900603}.Release|Mixed Platforms.Build.0 = Release|Any CPU
		{831210E9-F3F1-4E1E-A5C5-374CC9900603}.Release|Win32.ActiveCfg = Release|Any CPU
		{831210E9-F3F1-4E1E-A5C5-374CC9900603}.Release|Win32.Build.0 = Release|Any CPU
		{831210E9-F3F1-4E1E-A5C5-374CC9900603}.Release|x64.ActiveCfg = Release|Any CPU
		{831210E9-F3F1-4E1E-A5C5-374CC9900603}.Release|x64.Build.0 = Release|Any CPU
		{831210E9-F3F1-4E1E-A5C5-374CC9900603}.Release|x86.ActiveCfg = Release|Any CPU
		{831210E9-F3F1-4E1E-A5C5-374CC9900603}.Release|x86.Build.0 = Release|Any CPU
		{4DDFDA5D-6373-47FE-B4CB-59353E9AB1F5}.Debug|Any CPU.ActiveCfg = Debug|Any CPU
		{4DDFDA5D-6373-47FE-B4CB-59353E9AB1F5}.Debug|Any CPU.Build.0 = Debug|Any CPU
		{4DDFDA5D-6373-47FE-B4CB-59353E9AB1F5}.Debug|Mixed Platforms.ActiveCfg = Debug|Any CPU
		{4DDFDA5D-6373-47FE-B4CB-59353E9AB1F5}.Debug|Mixed Platforms.Build.0 = Debug|Any CPU
		{4DDFDA5D-6373-47FE-B4CB-59353E9AB1F5}.Debug|Win32.ActiveCfg = Debug|Any CPU
		{4DDFDA5D-6373-47FE-B4CB-59353E9AB1F5}.Debug|Win32.Build.0 = Debug|Any CPU
		{4DDFDA5D-6373-47FE-B4CB-59353E9AB1F5}.Debug|x64.ActiveCfg = Debug|Any CPU
		{4DDFDA5D-6373-47FE-B4CB-59353E9AB1F5}.Debug|x64.Build.0 = Debug|Any CPU
		{4DDFDA5D-6373-47FE-B4CB-59353E9AB1F5}.Debug|x86.ActiveCfg = Debug|Any CPU
		{4DDFDA5D-6373-47FE-B4CB-59353E9AB1F5}.Debug|x86.Build.0 = Debug|Any CPU
		{4DDFDA5D-6373-47FE-B4CB-59353E9AB1F5}.Release|Any CPU.ActiveCfg = Release|Any CPU
		{4DDFDA5D-6373-47FE-B4CB-59353E9AB1F5}.Release|Any CPU.Build.0 = Release|Any CPU
		{4DDFDA5D-6373-47FE-B4CB-59353E9AB1F5}.Release|Mixed Platforms.ActiveCfg = Release|Any CPU
		{4DDFDA5D-6373-47FE-B4CB-59353E9AB1F5}.Release|Mixed Platforms.Build.0 = Release|Any CPU
		{4DDFDA5D-6373-47FE-B4CB-59353E9AB1F5}.Release|Win32.ActiveCfg = Release|Any CPU
		{4DDFDA5D-6373-47FE-B4CB-59353E9AB1F5}.Release|Win32.Build.0 = Release|Any CPU
		{4DDFDA5D-6373-47FE-B4CB-59353E9AB1F5}.Release|x64.ActiveCfg = Release|Any CPU
		{4DDFDA5D-6373-47FE-B4CB-59353E9AB1F5}.Release|x64.Build.0 = Release|Any CPU
		{4DDFDA5D-6373-47FE-B4CB-59353E9AB1F5}.Release|x86.ActiveCfg = Release|Any CPU
		{4DDFDA5D-6373-47FE-B4CB-59353E9AB1F5}.Release|x86.Build.0 = Release|Any CPU
		{956E6D60-187E-4528-8480-3D648015229F}.Debug|Any CPU.ActiveCfg = Debug|Any CPU
		{956E6D60-187E-4528-8480-3D648015229F}.Debug|Any CPU.Build.0 = Debug|Any CPU
		{956E6D60-187E-4528-8480-3D648015229F}.Debug|Mixed Platforms.ActiveCfg = Debug|Any CPU
		{956E6D60-187E-4528-8480-3D648015229F}.Debug|Mixed Platforms.Build.0 = Debug|Any CPU
		{956E6D60-187E-4528-8480-3D648015229F}.Debug|Win32.ActiveCfg = Debug|Any CPU
		{956E6D60-187E-4528-8480-3D648015229F}.Debug|Win32.Build.0 = Debug|Any CPU
		{956E6D60-187E-4528-8480-3D648015229F}.Debug|x64.ActiveCfg = Debug|Any CPU
		{956E6D60-187E-4528-8480-3D648015229F}.Debug|x64.Build.0 = Debug|Any CPU
		{956E6D60-187E-4528-8480-3D648015229F}.Debug|x86.ActiveCfg = Debug|Any CPU
		{956E6D60-187E-4528-8480-3D648015229F}.Debug|x86.Build.0 = Debug|Any CPU
		{956E6D60-187E-4528-8480-3D648015229F}.Release|Any CPU.ActiveCfg = Release|Any CPU
		{956E6D60-187E-4528-8480-3D648015229F}.Release|Any CPU.Build.0 = Release|Any CPU
		{956E6D60-187E-4528-8480-3D648015229F}.Release|Mixed Platforms.ActiveCfg = Release|Any CPU
		{956E6D60-187E-4528-8480-3D648015229F}.Release|Mixed Platforms.Build.0 = Release|Any CPU
		{956E6D60-187E-4528-8480-3D648015229F}.Release|Win32.ActiveCfg = Release|Any CPU
		{956E6D60-187E-4528-8480-3D648015229F}.Release|Win32.Build.0 = Release|Any CPU
		{956E6D60-187E-4528-8480-3D648015229F}.Release|x64.ActiveCfg = Release|Any CPU
		{956E6D60-187E-4528-8480-3D648015229F}.Release|x64.Build.0 = Release|Any CPU
		{956E6D60-187E-4528-8480-3D648015229F}.Release|x86.ActiveCfg = Release|Any CPU
		{956E6D60-187E-4528-8480-3D648015229F}.Release|x86.Build.0 = Release|Any CPU
		{4D78D548-EB9A-4562-9191-89B8256514DC}.Debug|Any CPU.ActiveCfg = Debug|Any CPU
		{4D78D548-EB9A-4562-9191-89B8256514DC}.Debug|Any CPU.Build.0 = Debug|Any CPU
		{4D78D548-EB9A-4562-9191-89B8256514DC}.Debug|Mixed Platforms.ActiveCfg = Debug|Any CPU
		{4D78D548-EB9A-4562-9191-89B8256514DC}.Debug|Mixed Platforms.Build.0 = Debug|Any CPU
		{4D78D548-EB9A-4562-9191-89B8256514DC}.Debug|Win32.ActiveCfg = Debug|Any CPU
		{4D78D548-EB9A-4562-9191-89B8256514DC}.Debug|Win32.Build.0 = Debug|Any CPU
		{4D78D548-EB9A-4562-9191-89B8256514DC}.Debug|x64.ActiveCfg = Debug|Any CPU
		{4D78D548-EB9A-4562-9191-89B8256514DC}.Debug|x64.Build.0 = Debug|Any CPU
		{4D78D548-EB9A-4562-9191-89B8256514DC}.Debug|x86.ActiveCfg = Debug|Any CPU
		{4D78D548-EB9A-4562-9191-89B8256514DC}.Debug|x86.Build.0 = Debug|Any CPU
		{4D78D548-EB9A-4562-9191-89B8256514DC}.Release|Any CPU.ActiveCfg = Release|Any CPU
		{4D78D548-EB9A-4562-9191-89B8256514DC}.Release|Any CPU.Build.0 = Release|Any CPU
		{4D78D548-EB9A-4562-9191-89B8256514DC}.Release|Mixed Platforms.ActiveCfg = Release|Any CPU
		{4D78D548-EB9A-4562-9191-89B8256514DC}.Release|Mixed Platforms.Build.0 = Release|Any CPU
		{4D78D548-EB9A-4562-9191-89B8256514DC}.Release|Win32.ActiveCfg = Release|Any CPU
		{4D78D548-EB9A-4562-9191-89B8256514DC}.Release|Win32.Build.0 = Release|Any CPU
		{4D78D548-EB9A-4562-9191-89B8256514DC}.Release|x64.ActiveCfg = Release|Any CPU
		{4D78D548-EB9A-4562-9191-89B8256514DC}.Release|x64.Build.0 = Release|Any CPU
		{4D78D548-EB9A-4562-9191-89B8256514DC}.Release|x86.ActiveCfg = Release|Any CPU
		{4D78D548-EB9A-4562-9191-89B8256514DC}.Release|x86.Build.0 = Release|Any CPU
		{5B881A26-ECD0-44D8-A143-206FEB27004B}.Debug|Any CPU.ActiveCfg = Debug|Any CPU
		{5B881A26-ECD0-44D8-A143-206FEB27004B}.Debug|Any CPU.Build.0 = Debug|Any CPU
		{5B881A26-ECD0-44D8-A143-206FEB27004B}.Debug|Mixed Platforms.ActiveCfg = Debug|Any CPU
		{5B881A26-ECD0-44D8-A143-206FEB27004B}.Debug|Mixed Platforms.Build.0 = Debug|Any CPU
		{5B881A26-ECD0-44D8-A143-206FEB27004B}.Debug|Win32.ActiveCfg = Debug|Any CPU
		{5B881A26-ECD0-44D8-A143-206FEB27004B}.Debug|Win32.Build.0 = Debug|Any CPU
		{5B881A26-ECD0-44D8-A143-206FEB27004B}.Debug|x64.ActiveCfg = Debug|Any CPU
		{5B881A26-ECD0-44D8-A143-206FEB27004B}.Debug|x64.Build.0 = Debug|Any CPU
		{5B881A26-ECD0-44D8-A143-206FEB27004B}.Debug|x86.ActiveCfg = Debug|Any CPU
		{5B881A26-ECD0-44D8-A143-206FEB27004B}.Debug|x86.Build.0 = Debug|Any CPU
		{5B881A26-ECD0-44D8-A143-206FEB27004B}.Release|Any CPU.ActiveCfg = Release|Any CPU
		{5B881A26-ECD0-44D8-A143-206FEB27004B}.Release|Any CPU.Build.0 = Release|Any CPU
		{5B881A26-ECD0-44D8-A143-206FEB27004B}.Release|Mixed Platforms.ActiveCfg = Release|Any CPU
		{5B881A26-ECD0-44D8-A143-206FEB27004B}.Release|Mixed Platforms.Build.0 = Release|Any CPU
		{5B881A26-ECD0-44D8-A143-206FEB27004B}.Release|Win32.ActiveCfg = Release|Any CPU
		{5B881A26-ECD0-44D8-A143-206FEB27004B}.Release|Win32.Build.0 = Release|Any CPU
		{5B881A26-ECD0-44D8-A143-206FEB27004B}.Release|x64.ActiveCfg = Release|Any CPU
		{5B881A26-ECD0-44D8-A143-206FEB27004B}.Release|x64.Build.0 = Release|Any CPU
		{5B881A26-ECD0-44D8-A143-206FEB27004B}.Release|x86.ActiveCfg = Release|Any CPU
		{5B881A26-ECD0-44D8-A143-206FEB27004B}.Release|x86.Build.0 = Release|Any CPU
		{F7D2F271-17E6-42E2-842F-784EFDF72C70}.Debug|Any CPU.ActiveCfg = Debug|Any CPU
		{F7D2F271-17E6-42E2-842F-784EFDF72C70}.Debug|Any CPU.Build.0 = Debug|Any CPU
		{F7D2F271-17E6-42E2-842F-784EFDF72C70}.Debug|Mixed Platforms.ActiveCfg = Debug|Any CPU
		{F7D2F271-17E6-42E2-842F-784EFDF72C70}.Debug|Mixed Platforms.Build.0 = Debug|Any CPU
		{F7D2F271-17E6-42E2-842F-784EFDF72C70}.Debug|Win32.ActiveCfg = Debug|Any CPU
		{F7D2F271-17E6-42E2-842F-784EFDF72C70}.Debug|Win32.Build.0 = Debug|Any CPU
		{F7D2F271-17E6-42E2-842F-784EFDF72C70}.Debug|x64.ActiveCfg = Debug|Any CPU
		{F7D2F271-17E6-42E2-842F-784EFDF72C70}.Debug|x64.Build.0 = Debug|Any CPU
		{F7D2F271-17E6-42E2-842F-784EFDF72C70}.Debug|x86.ActiveCfg = Debug|Any CPU
		{F7D2F271-17E6-42E2-842F-784EFDF72C70}.Debug|x86.Build.0 = Debug|Any CPU
		{F7D2F271-17E6-42E2-842F-784EFDF72C70}.Release|Any CPU.ActiveCfg = Release|Any CPU
		{F7D2F271-17E6-42E2-842F-784EFDF72C70}.Release|Any CPU.Build.0 = Release|Any CPU
		{F7D2F271-17E6-42E2-842F-784EFDF72C70}.Release|Mixed Platforms.ActiveCfg = Release|Any CPU
		{F7D2F271-17E6-42E2-842F-784EFDF72C70}.Release|Mixed Platforms.Build.0 = Release|Any CPU
		{F7D2F271-17E6-42E2-842F-784EFDF72C70}.Release|Win32.ActiveCfg = Release|Any CPU
		{F7D2F271-17E6-42E2-842F-784EFDF72C70}.Release|Win32.Build.0 = Release|Any CPU
		{F7D2F271-17E6-42E2-842F-784EFDF72C70}.Release|x64.ActiveCfg = Release|Any CPU
		{F7D2F271-17E6-42E2-842F-784EFDF72C70}.Release|x64.Build.0 = Release|Any CPU
		{F7D2F271-17E6-42E2-842F-784EFDF72C70}.Release|x86.ActiveCfg = Release|Any CPU
		{F7D2F271-17E6-42E2-842F-784EFDF72C70}.Release|x86.Build.0 = Release|Any CPU
		{096B551A-CFB4-4A1A-AED1-4F7310D1800B}.Debug|Any CPU.ActiveCfg = Debug|Any CPU
		{096B551A-CFB4-4A1A-AED1-4F7310D1800B}.Debug|Any CPU.Build.0 = Debug|Any CPU
		{096B551A-CFB4-4A1A-AED1-4F7310D1800B}.Debug|Mixed Platforms.ActiveCfg = Debug|Any CPU
		{096B551A-CFB4-4A1A-AED1-4F7310D1800B}.Debug|Mixed Platforms.Build.0 = Debug|Any CPU
		{096B551A-CFB4-4A1A-AED1-4F7310D1800B}.Debug|Win32.ActiveCfg = Debug|Any CPU
		{096B551A-CFB4-4A1A-AED1-4F7310D1800B}.Debug|Win32.Build.0 = Debug|Any CPU
		{096B551A-CFB4-4A1A-AED1-4F7310D1800B}.Debug|x64.ActiveCfg = Debug|Any CPU
		{096B551A-CFB4-4A1A-AED1-4F7310D1800B}.Debug|x64.Build.0 = Debug|Any CPU
		{096B551A-CFB4-4A1A-AED1-4F7310D1800B}.Debug|x86.ActiveCfg = Debug|Any CPU
		{096B551A-CFB4-4A1A-AED1-4F7310D1800B}.Debug|x86.Build.0 = Debug|Any CPU
		{096B551A-CFB4-4A1A-AED1-4F7310D1800B}.Release|Any CPU.ActiveCfg = Release|Any CPU
		{096B551A-CFB4-4A1A-AED1-4F7310D1800B}.Release|Any CPU.Build.0 = Release|Any CPU
		{096B551A-CFB4-4A1A-AED1-4F7310D1800B}.Release|Mixed Platforms.ActiveCfg = Release|Any CPU
		{096B551A-CFB4-4A1A-AED1-4F7310D1800B}.Release|Mixed Platforms.Build.0 = Release|Any CPU
		{096B551A-CFB4-4A1A-AED1-4F7310D1800B}.Release|Win32.ActiveCfg = Release|Any CPU
		{096B551A-CFB4-4A1A-AED1-4F7310D1800B}.Release|Win32.Build.0 = Release|Any CPU
		{096B551A-CFB4-4A1A-AED1-4F7310D1800B}.Release|x64.ActiveCfg = Release|Any CPU
		{096B551A-CFB4-4A1A-AED1-4F7310D1800B}.Release|x64.Build.0 = Release|Any CPU
		{096B551A-CFB4-4A1A-AED1-4F7310D1800B}.Release|x86.ActiveCfg = Release|Any CPU
		{096B551A-CFB4-4A1A-AED1-4F7310D1800B}.Release|x86.Build.0 = Release|Any CPU
		{6DE0294D-9968-4395-8801-239A97655609}.Debug|Any CPU.ActiveCfg = Debug|Any CPU
		{6DE0294D-9968-4395-8801-239A97655609}.Debug|Any CPU.Build.0 = Debug|Any CPU
		{6DE0294D-9968-4395-8801-239A97655609}.Debug|Mixed Platforms.ActiveCfg = Debug|Any CPU
		{6DE0294D-9968-4395-8801-239A97655609}.Debug|Mixed Platforms.Build.0 = Debug|Any CPU
		{6DE0294D-9968-4395-8801-239A97655609}.Debug|Win32.ActiveCfg = Debug|Any CPU
		{6DE0294D-9968-4395-8801-239A97655609}.Debug|Win32.Build.0 = Debug|Any CPU
		{6DE0294D-9968-4395-8801-239A97655609}.Debug|x64.ActiveCfg = Debug|Any CPU
		{6DE0294D-9968-4395-8801-239A97655609}.Debug|x64.Build.0 = Debug|Any CPU
		{6DE0294D-9968-4395-8801-239A97655609}.Debug|x86.ActiveCfg = Debug|Any CPU
		{6DE0294D-9968-4395-8801-239A97655609}.Debug|x86.Build.0 = Debug|Any CPU
		{6DE0294D-9968-4395-8801-239A97655609}.Release|Any CPU.ActiveCfg = Release|Any CPU
		{6DE0294D-9968-4395-8801-239A97655609}.Release|Any CPU.Build.0 = Release|Any CPU
		{6DE0294D-9968-4395-8801-239A97655609}.Release|Mixed Platforms.ActiveCfg = Release|Any CPU
		{6DE0294D-9968-4395-8801-239A97655609}.Release|Mixed Platforms.Build.0 = Release|Any CPU
		{6DE0294D-9968-4395-8801-239A97655609}.Release|Win32.ActiveCfg = Release|Any CPU
		{6DE0294D-9968-4395-8801-239A97655609}.Release|Win32.Build.0 = Release|Any CPU
		{6DE0294D-9968-4395-8801-239A97655609}.Release|x64.ActiveCfg = Release|Any CPU
		{6DE0294D-9968-4395-8801-239A97655609}.Release|x64.Build.0 = Release|Any CPU
		{6DE0294D-9968-4395-8801-239A97655609}.Release|x86.ActiveCfg = Release|Any CPU
		{6DE0294D-9968-4395-8801-239A97655609}.Release|x86.Build.0 = Release|Any CPU
		{D72F9BFD-266A-4ED2-96D3-370673D434EF}.Debug|Any CPU.ActiveCfg = Debug|Any CPU
		{D72F9BFD-266A-4ED2-96D3-370673D434EF}.Debug|Any CPU.Build.0 = Debug|Any CPU
		{D72F9BFD-266A-4ED2-96D3-370673D434EF}.Debug|Mixed Platforms.ActiveCfg = Debug|Any CPU
		{D72F9BFD-266A-4ED2-96D3-370673D434EF}.Debug|Mixed Platforms.Build.0 = Debug|Any CPU
		{D72F9BFD-266A-4ED2-96D3-370673D434EF}.Debug|Win32.ActiveCfg = Debug|Any CPU
		{D72F9BFD-266A-4ED2-96D3-370673D434EF}.Debug|Win32.Build.0 = Debug|Any CPU
		{D72F9BFD-266A-4ED2-96D3-370673D434EF}.Debug|x64.ActiveCfg = Debug|Any CPU
		{D72F9BFD-266A-4ED2-96D3-370673D434EF}.Debug|x64.Build.0 = Debug|Any CPU
		{D72F9BFD-266A-4ED2-96D3-370673D434EF}.Debug|x86.ActiveCfg = Debug|Any CPU
		{D72F9BFD-266A-4ED2-96D3-370673D434EF}.Debug|x86.Build.0 = Debug|Any CPU
		{D72F9BFD-266A-4ED2-96D3-370673D434EF}.Release|Any CPU.ActiveCfg = Release|Any CPU
		{D72F9BFD-266A-4ED2-96D3-370673D434EF}.Release|Any CPU.Build.0 = Release|Any CPU
		{D72F9BFD-266A-4ED2-96D3-370673D434EF}.Release|Mixed Platforms.ActiveCfg = Release|Any CPU
		{D72F9BFD-266A-4ED2-96D3-370673D434EF}.Release|Mixed Platforms.Build.0 = Release|Any CPU
		{D72F9BFD-266A-4ED2-96D3-370673D434EF}.Release|Win32.ActiveCfg = Release|Any CPU
		{D72F9BFD-266A-4ED2-96D3-370673D434EF}.Release|Win32.Build.0 = Release|Any CPU
		{D72F9BFD-266A-4ED2-96D3-370673D434EF}.Release|x64.ActiveCfg = Release|Any CPU
		{D72F9BFD-266A-4ED2-96D3-370673D434EF}.Release|x64.Build.0 = Release|Any CPU
		{D72F9BFD-266A-4ED2-96D3-370673D434EF}.Release|x86.ActiveCfg = Release|Any CPU
		{D72F9BFD-266A-4ED2-96D3-370673D434EF}.Release|x86.Build.0 = Release|Any CPU
		{F142684C-92CD-4B03-BBBE-5D2DB1C9CD7D}.Debug|Any CPU.ActiveCfg = Debug|Any CPU
		{F142684C-92CD-4B03-BBBE-5D2DB1C9CD7D}.Debug|Any CPU.Build.0 = Debug|Any CPU
		{F142684C-92CD-4B03-BBBE-5D2DB1C9CD7D}.Debug|Mixed Platforms.ActiveCfg = Debug|Any CPU
		{F142684C-92CD-4B03-BBBE-5D2DB1C9CD7D}.Debug|Mixed Platforms.Build.0 = Debug|Any CPU
		{F142684C-92CD-4B03-BBBE-5D2DB1C9CD7D}.Debug|Win32.ActiveCfg = Debug|Any CPU
		{F142684C-92CD-4B03-BBBE-5D2DB1C9CD7D}.Debug|Win32.Build.0 = Debug|Any CPU
		{F142684C-92CD-4B03-BBBE-5D2DB1C9CD7D}.Debug|x64.ActiveCfg = Debug|Any CPU
		{F142684C-92CD-4B03-BBBE-5D2DB1C9CD7D}.Debug|x64.Build.0 = Debug|Any CPU
		{F142684C-92CD-4B03-BBBE-5D2DB1C9CD7D}.Debug|x86.ActiveCfg = Debug|Any CPU
		{F142684C-92CD-4B03-BBBE-5D2DB1C9CD7D}.Debug|x86.Build.0 = Debug|Any CPU
		{F142684C-92CD-4B03-BBBE-5D2DB1C9CD7D}.Release|Any CPU.ActiveCfg = Release|Any CPU
		{F142684C-92CD-4B03-BBBE-5D2DB1C9CD7D}.Release|Any CPU.Build.0 = Release|Any CPU
		{F142684C-92CD-4B03-BBBE-5D2DB1C9CD7D}.Release|Mixed Platforms.ActiveCfg = Release|Any CPU
		{F142684C-92CD-4B03-BBBE-5D2DB1C9CD7D}.Release|Mixed Platforms.Build.0 = Release|Any CPU
		{F142684C-92CD-4B03-BBBE-5D2DB1C9CD7D}.Release|Win32.ActiveCfg = Release|Any CPU
		{F142684C-92CD-4B03-BBBE-5D2DB1C9CD7D}.Release|Win32.Build.0 = Release|Any CPU
		{F142684C-92CD-4B03-BBBE-5D2DB1C9CD7D}.Release|x64.ActiveCfg = Release|Any CPU
		{F142684C-92CD-4B03-BBBE-5D2DB1C9CD7D}.Release|x64.Build.0 = Release|Any CPU
		{F142684C-92CD-4B03-BBBE-5D2DB1C9CD7D}.Release|x86.ActiveCfg = Release|Any CPU
		{F142684C-92CD-4B03-BBBE-5D2DB1C9CD7D}.Release|x86.Build.0 = Release|Any CPU
		{38169C58-C814-4169-B9D9-74418FCEBBF3}.Debug|Any CPU.ActiveCfg = Debug|Any CPU
		{38169C58-C814-4169-B9D9-74418FCEBBF3}.Debug|Any CPU.Build.0 = Debug|Any CPU
		{38169C58-C814-4169-B9D9-74418FCEBBF3}.Debug|Mixed Platforms.ActiveCfg = Debug|Any CPU
		{38169C58-C814-4169-B9D9-74418FCEBBF3}.Debug|Mixed Platforms.Build.0 = Debug|Any CPU
		{38169C58-C814-4169-B9D9-74418FCEBBF3}.Debug|Win32.ActiveCfg = Debug|Any CPU
		{38169C58-C814-4169-B9D9-74418FCEBBF3}.Debug|Win32.Build.0 = Debug|Any CPU
		{38169C58-C814-4169-B9D9-74418FCEBBF3}.Debug|x64.ActiveCfg = Debug|Any CPU
		{38169C58-C814-4169-B9D9-74418FCEBBF3}.Debug|x64.Build.0 = Debug|Any CPU
		{38169C58-C814-4169-B9D9-74418FCEBBF3}.Debug|x86.ActiveCfg = Debug|Any CPU
		{38169C58-C814-4169-B9D9-74418FCEBBF3}.Debug|x86.Build.0 = Debug|Any CPU
		{38169C58-C814-4169-B9D9-74418FCEBBF3}.Release|Any CPU.ActiveCfg = Release|Any CPU
		{38169C58-C814-4169-B9D9-74418FCEBBF3}.Release|Any CPU.Build.0 = Release|Any CPU
		{38169C58-C814-4169-B9D9-74418FCEBBF3}.Release|Mixed Platforms.ActiveCfg = Release|Any CPU
		{38169C58-C814-4169-B9D9-74418FCEBBF3}.Release|Mixed Platforms.Build.0 = Release|Any CPU
		{38169C58-C814-4169-B9D9-74418FCEBBF3}.Release|Win32.ActiveCfg = Release|Any CPU
		{38169C58-C814-4169-B9D9-74418FCEBBF3}.Release|Win32.Build.0 = Release|Any CPU
		{38169C58-C814-4169-B9D9-74418FCEBBF3}.Release|x64.ActiveCfg = Release|Any CPU
		{38169C58-C814-4169-B9D9-74418FCEBBF3}.Release|x64.Build.0 = Release|Any CPU
		{38169C58-C814-4169-B9D9-74418FCEBBF3}.Release|x86.ActiveCfg = Release|Any CPU
		{38169C58-C814-4169-B9D9-74418FCEBBF3}.Release|x86.Build.0 = Release|Any CPU
		{93032712-F581-42D4-910F-670BDB44877F}.Debug|Any CPU.ActiveCfg = Debug|Any CPU
		{93032712-F581-42D4-910F-670BDB44877F}.Debug|Any CPU.Build.0 = Debug|Any CPU
		{93032712-F581-42D4-910F-670BDB44877F}.Debug|Mixed Platforms.ActiveCfg = Debug|Any CPU
		{93032712-F581-42D4-910F-670BDB44877F}.Debug|Mixed Platforms.Build.0 = Debug|Any CPU
		{93032712-F581-42D4-910F-670BDB44877F}.Debug|Win32.ActiveCfg = Debug|Any CPU
		{93032712-F581-42D4-910F-670BDB44877F}.Debug|Win32.Build.0 = Debug|Any CPU
		{93032712-F581-42D4-910F-670BDB44877F}.Debug|x64.ActiveCfg = Debug|Any CPU
		{93032712-F581-42D4-910F-670BDB44877F}.Debug|x64.Build.0 = Debug|Any CPU
		{93032712-F581-42D4-910F-670BDB44877F}.Debug|x86.ActiveCfg = Debug|Any CPU
		{93032712-F581-42D4-910F-670BDB44877F}.Debug|x86.Build.0 = Debug|Any CPU
		{93032712-F581-42D4-910F-670BDB44877F}.Release|Any CPU.ActiveCfg = Release|Any CPU
		{93032712-F581-42D4-910F-670BDB44877F}.Release|Any CPU.Build.0 = Release|Any CPU
		{93032712-F581-42D4-910F-670BDB44877F}.Release|Mixed Platforms.ActiveCfg = Release|Any CPU
		{93032712-F581-42D4-910F-670BDB44877F}.Release|Mixed Platforms.Build.0 = Release|Any CPU
		{93032712-F581-42D4-910F-670BDB44877F}.Release|Win32.ActiveCfg = Release|Any CPU
		{93032712-F581-42D4-910F-670BDB44877F}.Release|Win32.Build.0 = Release|Any CPU
		{93032712-F581-42D4-910F-670BDB44877F}.Release|x64.ActiveCfg = Release|Any CPU
		{93032712-F581-42D4-910F-670BDB44877F}.Release|x64.Build.0 = Release|Any CPU
		{93032712-F581-42D4-910F-670BDB44877F}.Release|x86.ActiveCfg = Release|Any CPU
		{93032712-F581-42D4-910F-670BDB44877F}.Release|x86.Build.0 = Release|Any CPU
		{A682B8CC-92F8-4429-A634-2D0C6983EEB0}.Debug|Any CPU.ActiveCfg = Debug|Any CPU
		{A682B8CC-92F8-4429-A634-2D0C6983EEB0}.Debug|Any CPU.Build.0 = Debug|Any CPU
		{A682B8CC-92F8-4429-A634-2D0C6983EEB0}.Debug|Mixed Platforms.ActiveCfg = Debug|Any CPU
		{A682B8CC-92F8-4429-A634-2D0C6983EEB0}.Debug|Mixed Platforms.Build.0 = Debug|Any CPU
		{A682B8CC-92F8-4429-A634-2D0C6983EEB0}.Debug|Win32.ActiveCfg = Debug|Any CPU
		{A682B8CC-92F8-4429-A634-2D0C6983EEB0}.Debug|Win32.Build.0 = Debug|Any CPU
		{A682B8CC-92F8-4429-A634-2D0C6983EEB0}.Debug|x64.ActiveCfg = Debug|Any CPU
		{A682B8CC-92F8-4429-A634-2D0C6983EEB0}.Debug|x64.Build.0 = Debug|Any CPU
		{A682B8CC-92F8-4429-A634-2D0C6983EEB0}.Debug|x86.ActiveCfg = Debug|Any CPU
		{A682B8CC-92F8-4429-A634-2D0C6983EEB0}.Debug|x86.Build.0 = Debug|Any CPU
		{A682B8CC-92F8-4429-A634-2D0C6983EEB0}.Release|Any CPU.ActiveCfg = Release|Any CPU
		{A682B8CC-92F8-4429-A634-2D0C6983EEB0}.Release|Any CPU.Build.0 = Release|Any CPU
		{A682B8CC-92F8-4429-A634-2D0C6983EEB0}.Release|Mixed Platforms.ActiveCfg = Release|Any CPU
		{A682B8CC-92F8-4429-A634-2D0C6983EEB0}.Release|Mixed Platforms.Build.0 = Release|Any CPU
		{A682B8CC-92F8-4429-A634-2D0C6983EEB0}.Release|Win32.ActiveCfg = Release|Any CPU
		{A682B8CC-92F8-4429-A634-2D0C6983EEB0}.Release|Win32.Build.0 = Release|Any CPU
		{A682B8CC-92F8-4429-A634-2D0C6983EEB0}.Release|x64.ActiveCfg = Release|Any CPU
		{A682B8CC-92F8-4429-A634-2D0C6983EEB0}.Release|x64.Build.0 = Release|Any CPU
		{A682B8CC-92F8-4429-A634-2D0C6983EEB0}.Release|x86.ActiveCfg = Release|Any CPU
		{A682B8CC-92F8-4429-A634-2D0C6983EEB0}.Release|x86.Build.0 = Release|Any CPU
		{DD4CB898-FBE0-4C28-94C3-12239532B611}.Debug|Any CPU.ActiveCfg = Debug|Any CPU
		{DD4CB898-FBE0-4C28-94C3-12239532B611}.Debug|Any CPU.Build.0 = Debug|Any CPU
		{DD4CB898-FBE0-4C28-94C3-12239532B611}.Debug|Mixed Platforms.ActiveCfg = Debug|Any CPU
		{DD4CB898-FBE0-4C28-94C3-12239532B611}.Debug|Mixed Platforms.Build.0 = Debug|Any CPU
		{DD4CB898-FBE0-4C28-94C3-12239532B611}.Debug|Win32.ActiveCfg = Debug|Any CPU
		{DD4CB898-FBE0-4C28-94C3-12239532B611}.Debug|Win32.Build.0 = Debug|Any CPU
		{DD4CB898-FBE0-4C28-94C3-12239532B611}.Debug|x64.ActiveCfg = Debug|Any CPU
		{DD4CB898-FBE0-4C28-94C3-12239532B611}.Debug|x64.Build.0 = Debug|Any CPU
		{DD4CB898-FBE0-4C28-94C3-12239532B611}.Debug|x86.ActiveCfg = Debug|Any CPU
		{DD4CB898-FBE0-4C28-94C3-12239532B611}.Debug|x86.Build.0 = Debug|Any CPU
		{DD4CB898-FBE0-4C28-94C3-12239532B611}.Release|Any CPU.ActiveCfg = Release|Any CPU
		{DD4CB898-FBE0-4C28-94C3-12239532B611}.Release|Any CPU.Build.0 = Release|Any CPU
		{DD4CB898-FBE0-4C28-94C3-12239532B611}.Release|Mixed Platforms.ActiveCfg = Release|Any CPU
		{DD4CB898-FBE0-4C28-94C3-12239532B611}.Release|Mixed Platforms.Build.0 = Release|Any CPU
		{DD4CB898-FBE0-4C28-94C3-12239532B611}.Release|Win32.ActiveCfg = Release|Any CPU
		{DD4CB898-FBE0-4C28-94C3-12239532B611}.Release|Win32.Build.0 = Release|Any CPU
		{DD4CB898-FBE0-4C28-94C3-12239532B611}.Release|x64.ActiveCfg = Release|Any CPU
		{DD4CB898-FBE0-4C28-94C3-12239532B611}.Release|x64.Build.0 = Release|Any CPU
		{DD4CB898-FBE0-4C28-94C3-12239532B611}.Release|x86.ActiveCfg = Release|Any CPU
		{DD4CB898-FBE0-4C28-94C3-12239532B611}.Release|x86.Build.0 = Release|Any CPU
		{3C6A3FC3-D929-495A-9E6B-C8335E78306D}.Debug|Any CPU.ActiveCfg = Debug|Any CPU
		{3C6A3FC3-D929-495A-9E6B-C8335E78306D}.Debug|Any CPU.Build.0 = Debug|Any CPU
		{3C6A3FC3-D929-495A-9E6B-C8335E78306D}.Debug|Mixed Platforms.ActiveCfg = Debug|Any CPU
		{3C6A3FC3-D929-495A-9E6B-C8335E78306D}.Debug|Mixed Platforms.Build.0 = Debug|Any CPU
		{3C6A3FC3-D929-495A-9E6B-C8335E78306D}.Debug|Win32.ActiveCfg = Debug|Any CPU
		{3C6A3FC3-D929-495A-9E6B-C8335E78306D}.Debug|Win32.Build.0 = Debug|Any CPU
		{3C6A3FC3-D929-495A-9E6B-C8335E78306D}.Debug|x64.ActiveCfg = Debug|Any CPU
		{3C6A3FC3-D929-495A-9E6B-C8335E78306D}.Debug|x64.Build.0 = Debug|Any CPU
		{3C6A3FC3-D929-495A-9E6B-C8335E78306D}.Debug|x86.ActiveCfg = Debug|Any CPU
		{3C6A3FC3-D929-495A-9E6B-C8335E78306D}.Debug|x86.Build.0 = Debug|Any CPU
		{3C6A3FC3-D929-495A-9E6B-C8335E78306D}.Release|Any CPU.ActiveCfg = Release|Any CPU
		{3C6A3FC3-D929-495A-9E6B-C8335E78306D}.Release|Any CPU.Build.0 = Release|Any CPU
		{3C6A3FC3-D929-495A-9E6B-C8335E78306D}.Release|Mixed Platforms.ActiveCfg = Release|Any CPU
		{3C6A3FC3-D929-495A-9E6B-C8335E78306D}.Release|Mixed Platforms.Build.0 = Release|Any CPU
		{3C6A3FC3-D929-495A-9E6B-C8335E78306D}.Release|Win32.ActiveCfg = Release|Any CPU
		{3C6A3FC3-D929-495A-9E6B-C8335E78306D}.Release|Win32.Build.0 = Release|Any CPU
		{3C6A3FC3-D929-495A-9E6B-C8335E78306D}.Release|x64.ActiveCfg = Release|Any CPU
		{3C6A3FC3-D929-495A-9E6B-C8335E78306D}.Release|x64.Build.0 = Release|Any CPU
		{3C6A3FC3-D929-495A-9E6B-C8335E78306D}.Release|x86.ActiveCfg = Release|Any CPU
		{3C6A3FC3-D929-495A-9E6B-C8335E78306D}.Release|x86.Build.0 = Release|Any CPU
		{FF246CB1-D957-4E84-9EDD-30D1B0D79FF4}.Debug|Any CPU.ActiveCfg = Debug|Any CPU
		{FF246CB1-D957-4E84-9EDD-30D1B0D79FF4}.Debug|Any CPU.Build.0 = Debug|Any CPU
		{FF246CB1-D957-4E84-9EDD-30D1B0D79FF4}.Debug|Mixed Platforms.ActiveCfg = Debug|Any CPU
		{FF246CB1-D957-4E84-9EDD-30D1B0D79FF4}.Debug|Mixed Platforms.Build.0 = Debug|Any CPU
		{FF246CB1-D957-4E84-9EDD-30D1B0D79FF4}.Debug|Win32.ActiveCfg = Debug|Any CPU
		{FF246CB1-D957-4E84-9EDD-30D1B0D79FF4}.Debug|Win32.Build.0 = Debug|Any CPU
		{FF246CB1-D957-4E84-9EDD-30D1B0D79FF4}.Debug|x64.ActiveCfg = Debug|Any CPU
		{FF246CB1-D957-4E84-9EDD-30D1B0D79FF4}.Debug|x64.Build.0 = Debug|Any CPU
		{FF246CB1-D957-4E84-9EDD-30D1B0D79FF4}.Debug|x86.ActiveCfg = Debug|Any CPU
		{FF246CB1-D957-4E84-9EDD-30D1B0D79FF4}.Debug|x86.Build.0 = Debug|Any CPU
		{FF246CB1-D957-4E84-9EDD-30D1B0D79FF4}.Release|Any CPU.ActiveCfg = Release|Any CPU
		{FF246CB1-D957-4E84-9EDD-30D1B0D79FF4}.Release|Any CPU.Build.0 = Release|Any CPU
		{FF246CB1-D957-4E84-9EDD-30D1B0D79FF4}.Release|Mixed Platforms.ActiveCfg = Release|Any CPU
		{FF246CB1-D957-4E84-9EDD-30D1B0D79FF4}.Release|Mixed Platforms.Build.0 = Release|Any CPU
		{FF246CB1-D957-4E84-9EDD-30D1B0D79FF4}.Release|Win32.ActiveCfg = Release|Any CPU
		{FF246CB1-D957-4E84-9EDD-30D1B0D79FF4}.Release|Win32.Build.0 = Release|Any CPU
		{FF246CB1-D957-4E84-9EDD-30D1B0D79FF4}.Release|x64.ActiveCfg = Release|Any CPU
		{FF246CB1-D957-4E84-9EDD-30D1B0D79FF4}.Release|x64.Build.0 = Release|Any CPU
		{FF246CB1-D957-4E84-9EDD-30D1B0D79FF4}.Release|x86.ActiveCfg = Release|Any CPU
		{FF246CB1-D957-4E84-9EDD-30D1B0D79FF4}.Release|x86.Build.0 = Release|Any CPU
		{DE5A0490-C958-484E-88FC-1988B52D76A8}.Debug|Any CPU.ActiveCfg = Debug|Any CPU
		{DE5A0490-C958-484E-88FC-1988B52D76A8}.Debug|Any CPU.Build.0 = Debug|Any CPU
		{DE5A0490-C958-484E-88FC-1988B52D76A8}.Debug|Mixed Platforms.ActiveCfg = Debug|Any CPU
		{DE5A0490-C958-484E-88FC-1988B52D76A8}.Debug|Mixed Platforms.Build.0 = Debug|Any CPU
		{DE5A0490-C958-484E-88FC-1988B52D76A8}.Debug|Win32.ActiveCfg = Debug|Any CPU
		{DE5A0490-C958-484E-88FC-1988B52D76A8}.Debug|Win32.Build.0 = Debug|Any CPU
		{DE5A0490-C958-484E-88FC-1988B52D76A8}.Debug|x64.ActiveCfg = Debug|Any CPU
		{DE5A0490-C958-484E-88FC-1988B52D76A8}.Debug|x64.Build.0 = Debug|Any CPU
		{DE5A0490-C958-484E-88FC-1988B52D76A8}.Debug|x86.ActiveCfg = Debug|Any CPU
		{DE5A0490-C958-484E-88FC-1988B52D76A8}.Debug|x86.Build.0 = Debug|Any CPU
		{DE5A0490-C958-484E-88FC-1988B52D76A8}.Release|Any CPU.ActiveCfg = Release|Any CPU
		{DE5A0490-C958-484E-88FC-1988B52D76A8}.Release|Any CPU.Build.0 = Release|Any CPU
		{DE5A0490-C958-484E-88FC-1988B52D76A8}.Release|Mixed Platforms.ActiveCfg = Release|Any CPU
		{DE5A0490-C958-484E-88FC-1988B52D76A8}.Release|Mixed Platforms.Build.0 = Release|Any CPU
		{DE5A0490-C958-484E-88FC-1988B52D76A8}.Release|Win32.ActiveCfg = Release|Any CPU
		{DE5A0490-C958-484E-88FC-1988B52D76A8}.Release|Win32.Build.0 = Release|Any CPU
		{DE5A0490-C958-484E-88FC-1988B52D76A8}.Release|x64.ActiveCfg = Release|Any CPU
		{DE5A0490-C958-484E-88FC-1988B52D76A8}.Release|x64.Build.0 = Release|Any CPU
		{DE5A0490-C958-484E-88FC-1988B52D76A8}.Release|x86.ActiveCfg = Release|Any CPU
		{DE5A0490-C958-484E-88FC-1988B52D76A8}.Release|x86.Build.0 = Release|Any CPU
		{B6CF5DE8-6733-484A-BEE2-C2535AAE6D0D}.Debug|Any CPU.ActiveCfg = Debug|Any CPU
		{B6CF5DE8-6733-484A-BEE2-C2535AAE6D0D}.Debug|Any CPU.Build.0 = Debug|Any CPU
		{B6CF5DE8-6733-484A-BEE2-C2535AAE6D0D}.Debug|Mixed Platforms.ActiveCfg = Debug|Any CPU
		{B6CF5DE8-6733-484A-BEE2-C2535AAE6D0D}.Debug|Mixed Platforms.Build.0 = Debug|Any CPU
		{B6CF5DE8-6733-484A-BEE2-C2535AAE6D0D}.Debug|Win32.ActiveCfg = Debug|Any CPU
		{B6CF5DE8-6733-484A-BEE2-C2535AAE6D0D}.Debug|Win32.Build.0 = Debug|Any CPU
		{B6CF5DE8-6733-484A-BEE2-C2535AAE6D0D}.Debug|x64.ActiveCfg = Debug|Any CPU
		{B6CF5DE8-6733-484A-BEE2-C2535AAE6D0D}.Debug|x64.Build.0 = Debug|Any CPU
		{B6CF5DE8-6733-484A-BEE2-C2535AAE6D0D}.Debug|x86.ActiveCfg = Debug|Any CPU
		{B6CF5DE8-6733-484A-BEE2-C2535AAE6D0D}.Debug|x86.Build.0 = Debug|Any CPU
		{B6CF5DE8-6733-484A-BEE2-C2535AAE6D0D}.Release|Any CPU.ActiveCfg = Release|Any CPU
		{B6CF5DE8-6733-484A-BEE2-C2535AAE6D0D}.Release|Any CPU.Build.0 = Release|Any CPU
		{B6CF5DE8-6733-484A-BEE2-C2535AAE6D0D}.Release|Mixed Platforms.ActiveCfg = Release|Any CPU
		{B6CF5DE8-6733-484A-BEE2-C2535AAE6D0D}.Release|Mixed Platforms.Build.0 = Release|Any CPU
		{B6CF5DE8-6733-484A-BEE2-C2535AAE6D0D}.Release|Win32.ActiveCfg = Release|Any CPU
		{B6CF5DE8-6733-484A-BEE2-C2535AAE6D0D}.Release|Win32.Build.0 = Release|Any CPU
		{B6CF5DE8-6733-484A-BEE2-C2535AAE6D0D}.Release|x64.ActiveCfg = Release|Any CPU
		{B6CF5DE8-6733-484A-BEE2-C2535AAE6D0D}.Release|x64.Build.0 = Release|Any CPU
		{B6CF5DE8-6733-484A-BEE2-C2535AAE6D0D}.Release|x86.ActiveCfg = Release|Any CPU
		{B6CF5DE8-6733-484A-BEE2-C2535AAE6D0D}.Release|x86.Build.0 = Release|Any CPU
		{7F54BB7A-6FBC-46B7-9682-39F791971765}.Debug|Any CPU.ActiveCfg = Debug|Any CPU
		{7F54BB7A-6FBC-46B7-9682-39F791971765}.Debug|Any CPU.Build.0 = Debug|Any CPU
		{7F54BB7A-6FBC-46B7-9682-39F791971765}.Debug|Mixed Platforms.ActiveCfg = Debug|Any CPU
		{7F54BB7A-6FBC-46B7-9682-39F791971765}.Debug|Mixed Platforms.Build.0 = Debug|Any CPU
		{7F54BB7A-6FBC-46B7-9682-39F791971765}.Debug|Win32.ActiveCfg = Debug|Any CPU
		{7F54BB7A-6FBC-46B7-9682-39F791971765}.Debug|Win32.Build.0 = Debug|Any CPU
		{7F54BB7A-6FBC-46B7-9682-39F791971765}.Debug|x64.ActiveCfg = Debug|Any CPU
		{7F54BB7A-6FBC-46B7-9682-39F791971765}.Debug|x64.Build.0 = Debug|Any CPU
		{7F54BB7A-6FBC-46B7-9682-39F791971765}.Debug|x86.ActiveCfg = Debug|Any CPU
		{7F54BB7A-6FBC-46B7-9682-39F791971765}.Debug|x86.Build.0 = Debug|Any CPU
		{7F54BB7A-6FBC-46B7-9682-39F791971765}.Release|Any CPU.ActiveCfg = Release|Any CPU
		{7F54BB7A-6FBC-46B7-9682-39F791971765}.Release|Any CPU.Build.0 = Release|Any CPU
		{7F54BB7A-6FBC-46B7-9682-39F791971765}.Release|Mixed Platforms.ActiveCfg = Release|Any CPU
		{7F54BB7A-6FBC-46B7-9682-39F791971765}.Release|Mixed Platforms.Build.0 = Release|Any CPU
		{7F54BB7A-6FBC-46B7-9682-39F791971765}.Release|Win32.ActiveCfg = Release|Any CPU
		{7F54BB7A-6FBC-46B7-9682-39F791971765}.Release|Win32.Build.0 = Release|Any CPU
		{7F54BB7A-6FBC-46B7-9682-39F791971765}.Release|x64.ActiveCfg = Release|Any CPU
		{7F54BB7A-6FBC-46B7-9682-39F791971765}.Release|x64.Build.0 = Release|Any CPU
		{7F54BB7A-6FBC-46B7-9682-39F791971765}.Release|x86.ActiveCfg = Release|Any CPU
		{7F54BB7A-6FBC-46B7-9682-39F791971765}.Release|x86.Build.0 = Release|Any CPU
	EndGlobalSection
	GlobalSection(SolutionProperties) = preSolution
		HideSolutionNode = FALSE
	EndGlobalSection
	GlobalSection(NestedProjects) = preSolution
		{35AC83A2-3064-4CCE-A62C-8BBA850A913B} = {4ED78A4F-B2C7-49EE-9D49-912B93BEDEB6}
		{DE345B4E-6256-4800-87B0-19277691D51E} = {C498F6C2-8A33-4BB8-82C8-9C9CB6757D29}
		{F9BE2A77-54D0-4981-93BA-98D1B6FA4A84} = {C498F6C2-8A33-4BB8-82C8-9C9CB6757D29}
		{B1C2BECA-356C-4D9B-8660-B515307E1871} = {8D3C5AA5-4B6A-4FFB-A18A-3CE27E2563AB}
		{1CA8F84E-C5C8-4C25-8A4F-74B43936CD74} = {07A28337-B2B3-4FEC-AE99-51F2FB52FBAA}
		{D5271804-ADE2-4E9D-AEC6-4339F24F70E3} = {8D3C5AA5-4B6A-4FFB-A18A-3CE27E2563AB}
		{529C4463-2CB9-4739-B407-E1167BC8A4F6} = {4ED78A4F-B2C7-49EE-9D49-912B93BEDEB6}
		{42328CAD-9A5E-482A-AC7C-7CAC96A9EF70} = {79384A33-5F3F-4B83-9B7E-9FC91709C362}
		{D8AEFB12-2E98-4704-B460-F08BCFDA3920} = {79384A33-5F3F-4B83-9B7E-9FC91709C362}
		{831210E9-F3F1-4E1E-A5C5-374CC9900603} = {79384A33-5F3F-4B83-9B7E-9FC91709C362}
		{4DDFDA5D-6373-47FE-B4CB-59353E9AB1F5} = {79384A33-5F3F-4B83-9B7E-9FC91709C362}
		{956E6D60-187E-4528-8480-3D648015229F} = {79384A33-5F3F-4B83-9B7E-9FC91709C362}
		{4D78D548-EB9A-4562-9191-89B8256514DC} = {C498F6C2-8A33-4BB8-82C8-9C9CB6757D29}
		{5B881A26-ECD0-44D8-A143-206FEB27004B} = {79384A33-5F3F-4B83-9B7E-9FC91709C362}
		{F7D2F271-17E6-42E2-842F-784EFDF72C70} = {8D3C5AA5-4B6A-4FFB-A18A-3CE27E2563AB}
		{096B551A-CFB4-4A1A-AED1-4F7310D1800B} = {8D3C5AA5-4B6A-4FFB-A18A-3CE27E2563AB}
		{6DE0294D-9968-4395-8801-239A97655609} = {8D3C5AA5-4B6A-4FFB-A18A-3CE27E2563AB}
		{D72F9BFD-266A-4ED2-96D3-370673D434EF} = {8D3C5AA5-4B6A-4FFB-A18A-3CE27E2563AB}
		{F142684C-92CD-4B03-BBBE-5D2DB1C9CD7D} = {79384A33-5F3F-4B83-9B7E-9FC91709C362}
		{38169C58-C814-4169-B9D9-74418FCEBBF3} = {8D3C5AA5-4B6A-4FFB-A18A-3CE27E2563AB}
		{93032712-F581-42D4-910F-670BDB44877F} = {79384A33-5F3F-4B83-9B7E-9FC91709C362}
		{A682B8CC-92F8-4429-A634-2D0C6983EEB0} = {8D3C5AA5-4B6A-4FFB-A18A-3CE27E2563AB}
		{DD4CB898-FBE0-4C28-94C3-12239532B611} = {8D3C5AA5-4B6A-4FFB-A18A-3CE27E2563AB}
		{3C6A3FC3-D929-495A-9E6B-C8335E78306D} = {C498F6C2-8A33-4BB8-82C8-9C9CB6757D29}
		{FF246CB1-D957-4E84-9EDD-30D1B0D79FF4} = {8D3C5AA5-4B6A-4FFB-A18A-3CE27E2563AB}
		{DE5A0490-C958-484E-88FC-1988B52D76A8} = {8D3C5AA5-4B6A-4FFB-A18A-3CE27E2563AB}
		{B6CF5DE8-6733-484A-BEE2-C2535AAE6D0D} = {8D3C5AA5-4B6A-4FFB-A18A-3CE27E2563AB}
		{7F54BB7A-6FBC-46B7-9682-39F791971765} = {8D3C5AA5-4B6A-4FFB-A18A-3CE27E2563AB}
	EndGlobalSection
	GlobalSection(ExtensibilityGlobals) = postSolution
		SolutionGuid = {556C49E4-57A4-4C18-8709-B3EB6E30B2AB}
	EndGlobalSection
EndGlobal
