Microsoft Visual Studio Solution File, Format Version 12.00
# Visual Studio Version 16
VisualStudioVersion = 16.0.29009.5
MinimumVisualStudioVersion = 10.0.40219.1
Project("{2150E333-8FDC-42A3-9474-1A3956D46DE8}") = "SimControl.Samples.CSharp", "SimControl.Samples.CSharp", "{8D3C5AA5-4B6A-4FFB-A18A-3CE27E2563AB}"
EndProject
Project("{2150E333-8FDC-42A3-9474-1A3956D46DE8}") = "SimControl.ItemTemplates.CSharp.Class", "SimControl.ItemTemplates.CSharp.Class", "{35AC83A2-3064-4CCE-A62C-8BBA850A913B}"
	ProjectSection(SolutionItems) = preProject
		SimControl.ItemTemplates.CSharp.Class\Class.cs = SimControl.ItemTemplates.CSharp.Class\Class.cs
		SimControl.ItemTemplates.CSharp.Class\SimControl.ItemTemplates.CSharp.Class.vstemplate = SimControl.ItemTemplates.CSharp.Class\SimControl.ItemTemplates.CSharp.Class.vstemplate
		SimControl.ItemTemplates.CSharp.Class\TemplateIcon.ico = SimControl.ItemTemplates.CSharp.Class\TemplateIcon.ico
	EndProjectSection
EndProject
Project("{2150E333-8FDC-42A3-9474-1A3956D46DE8}") = "Solution Items", "Solution Items", "{3E580E85-7BEF-4114-B8C5-E0486B5282C8}"
	ProjectSection(SolutionItems) = preProject
		.editorconfig = .editorconfig
		.gitattributes = .gitattributes
		.gitignore = .gitignore
		CHANGELOG.md = CHANGELOG.md
		..\CodeAnalysisRules.ruleset = ..\CodeAnalysisRules.ruleset
		..\CodeAnalysisTestRules.ruleset = ..\CodeAnalysisTestRules.ruleset
		..\Directory.Build.props = ..\Directory.Build.props
		KeyPair.snk = KeyPair.snk
		LICENSE = LICENSE
		NLog.config = NLog.config
		NuGetIcon.png = NuGetIcon.png
		NUnit.runsettings = NUnit.runsettings
		NUnitCoverage.runsettings = NUnitCoverage.runsettings
		README.md = README.md
		SolutionAssemblyInfo.cs = SolutionAssemblyInfo.cs
	EndProjectSection
EndProject
Project("{2150E333-8FDC-42A3-9474-1A3956D46DE8}") = "Snippets", "Snippets", "{28444022-6A98-4F24-AC5B-DC35500D5C93}"
	ProjectSection(SolutionItems) = preProject
		Snippets\dispose.snippet = Snippets\dispose.snippet
		Snippets\inheritdoc.snippet = Snippets\inheritdoc.snippet
		Snippets\simcontrol.snippet = Snippets\simcontrol.snippet
		Snippets\testmethod.snippet = Snippets\testmethod.snippet
	EndProjectSection
EndProject
Project("{2150E333-8FDC-42A3-9474-1A3956D46DE8}") = "SimControl.ItemTemplates.CSharp.TestClass", "SimControl.ItemTemplates.CSharp.TestClass", "{529C4463-2CB9-4739-B407-E1167BC8A4F6}"
	ProjectSection(SolutionItems) = preProject
		SimControl.ItemTemplates.CSharp.TestClass\SimControl.ItemTemplates.CSharp.TestClass.vstemplate = SimControl.ItemTemplates.CSharp.TestClass\SimControl.ItemTemplates.CSharp.TestClass.vstemplate
		SimControl.ItemTemplates.CSharp.TestClass\TemplateIcon.ico = SimControl.ItemTemplates.CSharp.TestClass\TemplateIcon.ico
		SimControl.ItemTemplates.CSharp.TestClass\TestClass.cs = SimControl.ItemTemplates.CSharp.TestClass\TestClass.cs
	EndProjectSection
EndProject
Project("{2150E333-8FDC-42A3-9474-1A3956D46DE8}") = "SimControl", "SimControl", "{C498F6C2-8A33-4BB8-82C8-9C9CB6757D29}"
EndProject
Project("{2150E333-8FDC-42A3-9474-1A3956D46DE8}") = "SimControl.ItemTemplates", "SimControl.ItemTemplates", "{4ED78A4F-B2C7-49EE-9D49-912B93BEDEB6}"
EndProject
Project("{2150E333-8FDC-42A3-9474-1A3956D46DE8}") = "SimControl.Templates.CSharp", "SimControl.Templates.CSharp", "{79384A33-5F3F-4B83-9B7E-9FC91709C362}"
EndProject
Project("{9A19103F-16F7-4668-BE54-9A1E7A4F7556}") = "SimControl.Templates.CSharp.ClassLibrary", "SimControl.Templates.CSharp.ClassLibrary\SimControl.Templates.CSharp.ClassLibrary.csproj", "{42328CAD-9A5E-482A-AC7C-7CAC96A9EF70}"
EndProject
Project("{9A19103F-16F7-4668-BE54-9A1E7A4F7556}") = "SimControl.Templates.CSharp.ConsoleApp", "SimControl.Templates.CSharp.ConsoleApp\SimControl.Templates.CSharp.ConsoleApp.csproj", "{D8AEFB12-2E98-4704-B460-F08BCFDA3920}"
EndProject
Project("{9A19103F-16F7-4668-BE54-9A1E7A4F7556}") = "SimControl.Templates.CSharp.Tests", "SimControl.Templates.CSharp.Tests\SimControl.Templates.CSharp.Tests.csproj", "{831210E9-F3F1-4E1E-A5C5-374CC9900603}"
EndProject
Project("{9A19103F-16F7-4668-BE54-9A1E7A4F7556}") = "SimControl.Log", "SimControl.Log\SimControl.Log.csproj", "{4D78D548-EB9A-4562-9191-89B8256514DC}"
EndProject
Project("{9A19103F-16F7-4668-BE54-9A1E7A4F7556}") = "SimControl.Templates.CSharp.NUnitTests", "SimControl.Templates.CSharp.NUnitTestProject\SimControl.Templates.CSharp.NUnitTests.csproj", "{5B881A26-ECD0-44D8-A143-206FEB27004B}"
EndProject
Project("{9A19103F-16F7-4668-BE54-9A1E7A4F7556}") = "SimControl.TestUtils", "SimControl.TestUtils\SimControl.TestUtils.csproj", "{3C6A3FC3-D929-495A-9E6B-C8335E78306D}"
EndProject
Project("{2150E333-8FDC-42A3-9474-1A3956D46DE8}") = "Verify", "Verify", "{D5A85B61-7533-455A-BC1F-36EB83E1BF88}"
	ProjectSection(SolutionItems) = preProject
		App.config = App.config
		App.Debug.config = App.Debug.config
		App.Release.config = App.Release.config
		CodeAnalysisDictionary.xml = CodeAnalysisDictionary.xml
		Templates.Build.ps1 = Templates.Build.ps1
		Templates.Install.ps1 = Templates.Install.ps1
	EndProjectSection
EndProject
Project("{9A19103F-16F7-4668-BE54-9A1E7A4F7556}") = "SimControl.Reactive", "SimControl.Reactive\SimControl.Reactive.csproj", "{F8AA2A78-BB40-4267-9BF8-CC7976CC0F09}"
EndProject
Project("{9A19103F-16F7-4668-BE54-9A1E7A4F7556}") = "SimControl.Reactive.Tests", "SimControl.Reactive.Tests\SimControl.Reactive.Tests.csproj", "{5F819BCA-5AB9-4DA2-94D7-30BD1865F5CE}"
EndProject
Project("{9A19103F-16F7-4668-BE54-9A1E7A4F7556}") = "SimControl.Samples.CSharp.ClassLibrary", "SimControl.Samples.CSharp.ClassLibrary\SimControl.Samples.CSharp.ClassLibrary.csproj", "{41DF8617-31C5-4F9C-AAFB-F9276656380C}"
EndProject
Project("{FAE04EC0-301F-11D3-BF4B-00C04F79EFBC}") = "SimControl.Templates.CSharp.WcfServiceLibrary", "SimControl.Templates.CSharp.WcfServiceLibrary\SimControl.Templates.CSharp.WcfServiceLibrary.csproj", "{93032712-F581-42D4-910F-670BDB44877F}"
EndProject
Project("{9A19103F-16F7-4668-BE54-9A1E7A4F7556}") = "SimControl.Samples.CSharp.ConsoleApp", "SimControl.Samples.CSharp.ConsoleApp\SimControl.Samples.CSharp.ConsoleApp.csproj", "{7C32CC6A-7FDF-47CB-ADAE-35D2F7F59232}"
EndProject
Project("{9A19103F-16F7-4668-BE54-9A1E7A4F7556}") = "SimControl.Samples.CSharp.Tests", "SimControl.Samples.CSharp.Tests\SimControl.Samples.CSharp.Tests.csproj", "{96B81AD3-40A4-466A-A713-E1635381C6BB}"
EndProject
Global
	GlobalSection(SolutionConfigurationPlatforms) = preSolution
		Debug|Any CPU = Debug|Any CPU
		Debug|Mixed Platforms = Debug|Mixed Platforms
		Debug|Win32 = Debug|Win32
		Debug|x64 = Debug|x64
		Debug|x86 = Debug|x86
		Release|Any CPU = Release|Any CPU
		Release|Mixed Platforms = Release|Mixed Platforms
		Release|Win32 = Release|Win32
		Release|x64 = Release|x64
		Release|x86 = Release|x86
	EndGlobalSection
	GlobalSection(ProjectConfigurationPlatforms) = postSolution
		{42328CAD-9A5E-482A-AC7C-7CAC96A9EF70}.Debug|Any CPU.ActiveCfg = Debug|Any CPU
		{42328CAD-9A5E-482A-AC7C-7CAC96A9EF70}.Debug|Any CPU.Build.0 = Debug|Any CPU
		{42328CAD-9A5E-482A-AC7C-7CAC96A9EF70}.Debug|Mixed Platforms.ActiveCfg = Debug|Any CPU
		{42328CAD-9A5E-482A-AC7C-7CAC96A9EF70}.Debug|Mixed Platforms.Build.0 = Debug|Any CPU
		{42328CAD-9A5E-482A-AC7C-7CAC96A9EF70}.Debug|Win32.ActiveCfg = Debug|Any CPU
		{42328CAD-9A5E-482A-AC7C-7CAC96A9EF70}.Debug|Win32.Build.0 = Debug|Any CPU
		{42328CAD-9A5E-482A-AC7C-7CAC96A9EF70}.Debug|x64.ActiveCfg = Debug|Any CPU
		{42328CAD-9A5E-482A-AC7C-7CAC96A9EF70}.Debug|x64.Build.0 = Debug|Any CPU
		{42328CAD-9A5E-482A-AC7C-7CAC96A9EF70}.Debug|x86.ActiveCfg = Debug|Any CPU
		{42328CAD-9A5E-482A-AC7C-7CAC96A9EF70}.Debug|x86.Build.0 = Debug|Any CPU
		{42328CAD-9A5E-482A-AC7C-7CAC96A9EF70}.Release|Any CPU.ActiveCfg = Release|Any CPU
		{42328CAD-9A5E-482A-AC7C-7CAC96A9EF70}.Release|Any CPU.Build.0 = Release|Any CPU
		{42328CAD-9A5E-482A-AC7C-7CAC96A9EF70}.Release|Mixed Platforms.ActiveCfg = Release|Any CPU
		{42328CAD-9A5E-482A-AC7C-7CAC96A9EF70}.Release|Mixed Platforms.Build.0 = Release|Any CPU
		{42328CAD-9A5E-482A-AC7C-7CAC96A9EF70}.Release|Win32.ActiveCfg = Release|Any CPU
		{42328CAD-9A5E-482A-AC7C-7CAC96A9EF70}.Release|Win32.Build.0 = Release|Any CPU
		{42328CAD-9A5E-482A-AC7C-7CAC96A9EF70}.Release|x64.ActiveCfg = Release|Any CPU
		{42328CAD-9A5E-482A-AC7C-7CAC96A9EF70}.Release|x64.Build.0 = Release|Any CPU
		{42328CAD-9A5E-482A-AC7C-7CAC96A9EF70}.Release|x86.ActiveCfg = Release|Any CPU
		{42328CAD-9A5E-482A-AC7C-7CAC96A9EF70}.Release|x86.Build.0 = Release|Any CPU
		{D8AEFB12-2E98-4704-B460-F08BCFDA3920}.Debug|Any CPU.ActiveCfg = Debug|Any CPU
		{D8AEFB12-2E98-4704-B460-F08BCFDA3920}.Debug|Any CPU.Build.0 = Debug|Any CPU
		{D8AEFB12-2E98-4704-B460-F08BCFDA3920}.Debug|Mixed Platforms.ActiveCfg = Debug|Any CPU
		{D8AEFB12-2E98-4704-B460-F08BCFDA3920}.Debug|Mixed Platforms.Build.0 = Debug|Any CPU
		{D8AEFB12-2E98-4704-B460-F08BCFDA3920}.Debug|Win32.ActiveCfg = Debug|Any CPU
		{D8AEFB12-2E98-4704-B460-F08BCFDA3920}.Debug|Win32.Build.0 = Debug|Any CPU
		{D8AEFB12-2E98-4704-B460-F08BCFDA3920}.Debug|x64.ActiveCfg = Debug|Any CPU
		{D8AEFB12-2E98-4704-B460-F08BCFDA3920}.Debug|x64.Build.0 = Debug|Any CPU
		{D8AEFB12-2E98-4704-B460-F08BCFDA3920}.Debug|x86.ActiveCfg = Debug|Any CPU
		{D8AEFB12-2E98-4704-B460-F08BCFDA3920}.Debug|x86.Build.0 = Debug|Any CPU
		{D8AEFB12-2E98-4704-B460-F08BCFDA3920}.Release|Any CPU.ActiveCfg = Release|Any CPU
		{D8AEFB12-2E98-4704-B460-F08BCFDA3920}.Release|Any CPU.Build.0 = Release|Any CPU
		{D8AEFB12-2E98-4704-B460-F08BCFDA3920}.Release|Mixed Platforms.ActiveCfg = Release|Any CPU
		{D8AEFB12-2E98-4704-B460-F08BCFDA3920}.Release|Mixed Platforms.Build.0 = Release|Any CPU
		{D8AEFB12-2E98-4704-B460-F08BCFDA3920}.Release|Win32.ActiveCfg = Release|Any CPU
		{D8AEFB12-2E98-4704-B460-F08BCFDA3920}.Release|Win32.Build.0 = Release|Any CPU
		{D8AEFB12-2E98-4704-B460-F08BCFDA3920}.Release|x64.ActiveCfg = Release|Any CPU
		{D8AEFB12-2E98-4704-B460-F08BCFDA3920}.Release|x64.Build.0 = Release|Any CPU
		{D8AEFB12-2E98-4704-B460-F08BCFDA3920}.Release|x86.ActiveCfg = Release|Any CPU
		{D8AEFB12-2E98-4704-B460-F08BCFDA3920}.Release|x86.Build.0 = Release|Any CPU
		{831210E9-F3F1-4E1E-A5C5-374CC9900603}.Debug|Any CPU.ActiveCfg = Debug|Any CPU
		{831210E9-F3F1-4E1E-A5C5-374CC9900603}.Debug|Any CPU.Build.0 = Debug|Any CPU
		{831210E9-F3F1-4E1E-A5C5-374CC9900603}.Debug|Mixed Platforms.ActiveCfg = Debug|Any CPU
		{831210E9-F3F1-4E1E-A5C5-374CC9900603}.Debug|Mixed Platforms.Build.0 = Debug|Any CPU
		{831210E9-F3F1-4E1E-A5C5-374CC9900603}.Debug|Win32.ActiveCfg = Debug|Any CPU
		{831210E9-F3F1-4E1E-A5C5-374CC9900603}.Debug|Win32.Build.0 = Debug|Any CPU
		{831210E9-F3F1-4E1E-A5C5-374CC9900603}.Debug|x64.ActiveCfg = Debug|Any CPU
		{831210E9-F3F1-4E1E-A5C5-374CC9900603}.Debug|x64.Build.0 = Debug|Any CPU
		{831210E9-F3F1-4E1E-A5C5-374CC9900603}.Debug|x86.ActiveCfg = Debug|Any CPU
		{831210E9-F3F1-4E1E-A5C5-374CC9900603}.Debug|x86.Build.0 = Debug|Any CPU
		{831210E9-F3F1-4E1E-A5C5-374CC9900603}.Release|Any CPU.ActiveCfg = Release|Any CPU
		{831210E9-F3F1-4E1E-A5C5-374CC9900603}.Release|Any CPU.Build.0 = Release|Any CPU
		{831210E9-F3F1-4E1E-A5C5-374CC9900603}.Release|Mixed Platforms.ActiveCfg = Release|Any CPU
		{831210E9-F3F1-4E1E-A5C5-374CC9900603}.Release|Mixed Platforms.Build.0 = Release|Any CPU
		{831210E9-F3F1-4E1E-A5C5-374CC9900603}.Release|Win32.ActiveCfg = Release|Any CPU
		{831210E9-F3F1-4E1E-A5C5-374CC9900603}.Release|Win32.Build.0 = Release|Any CPU
		{831210E9-F3F1-4E1E-A5C5-374CC9900603}.Release|x64.ActiveCfg = Release|Any CPU
		{831210E9-F3F1-4E1E-A5C5-374CC9900603}.Release|x64.Build.0 = Release|Any CPU
		{831210E9-F3F1-4E1E-A5C5-374CC9900603}.Release|x86.ActiveCfg = Release|Any CPU
		{831210E9-F3F1-4E1E-A5C5-374CC9900603}.Release|x86.Build.0 = Release|Any CPU
		{4D78D548-EB9A-4562-9191-89B8256514DC}.Debug|Any CPU.ActiveCfg = Debug|Any CPU
		{4D78D548-EB9A-4562-9191-89B8256514DC}.Debug|Any CPU.Build.0 = Debug|Any CPU
		{4D78D548-EB9A-4562-9191-89B8256514DC}.Debug|Mixed Platforms.ActiveCfg = Debug|Any CPU
		{4D78D548-EB9A-4562-9191-89B8256514DC}.Debug|Mixed Platforms.Build.0 = Debug|Any CPU
		{4D78D548-EB9A-4562-9191-89B8256514DC}.Debug|Win32.ActiveCfg = Debug|Any CPU
		{4D78D548-EB9A-4562-9191-89B8256514DC}.Debug|Win32.Build.0 = Debug|Any CPU
		{4D78D548-EB9A-4562-9191-89B8256514DC}.Debug|x64.ActiveCfg = Debug|Any CPU
		{4D78D548-EB9A-4562-9191-89B8256514DC}.Debug|x64.Build.0 = Debug|Any CPU
		{4D78D548-EB9A-4562-9191-89B8256514DC}.Debug|x86.ActiveCfg = Debug|Any CPU
		{4D78D548-EB9A-4562-9191-89B8256514DC}.Debug|x86.Build.0 = Debug|Any CPU
		{4D78D548-EB9A-4562-9191-89B8256514DC}.Release|Any CPU.ActiveCfg = Release|Any CPU
		{4D78D548-EB9A-4562-9191-89B8256514DC}.Release|Any CPU.Build.0 = Release|Any CPU
		{4D78D548-EB9A-4562-9191-89B8256514DC}.Release|Mixed Platforms.ActiveCfg = Release|Any CPU
		{4D78D548-EB9A-4562-9191-89B8256514DC}.Release|Mixed Platforms.Build.0 = Release|Any CPU
		{4D78D548-EB9A-4562-9191-89B8256514DC}.Release|Win32.ActiveCfg = Release|Any CPU
		{4D78D548-EB9A-4562-9191-89B8256514DC}.Release|Win32.Build.0 = Release|Any CPU
		{4D78D548-EB9A-4562-9191-89B8256514DC}.Release|x64.ActiveCfg = Release|Any CPU
		{4D78D548-EB9A-4562-9191-89B8256514DC}.Release|x64.Build.0 = Release|Any CPU
		{4D78D548-EB9A-4562-9191-89B8256514DC}.Release|x86.ActiveCfg = Release|Any CPU
		{4D78D548-EB9A-4562-9191-89B8256514DC}.Release|x86.Build.0 = Release|Any CPU
		{5B881A26-ECD0-44D8-A143-206FEB27004B}.Debug|Any CPU.ActiveCfg = Debug|Any CPU
		{5B881A26-ECD0-44D8-A143-206FEB27004B}.Debug|Any CPU.Build.0 = Debug|Any CPU
		{5B881A26-ECD0-44D8-A143-206FEB27004B}.Debug|Mixed Platforms.ActiveCfg = Debug|Any CPU
		{5B881A26-ECD0-44D8-A143-206FEB27004B}.Debug|Mixed Platforms.Build.0 = Debug|Any CPU
		{5B881A26-ECD0-44D8-A143-206FEB27004B}.Debug|Win32.ActiveCfg = Debug|Any CPU
		{5B881A26-ECD0-44D8-A143-206FEB27004B}.Debug|Win32.Build.0 = Debug|Any CPU
		{5B881A26-ECD0-44D8-A143-206FEB27004B}.Debug|x64.ActiveCfg = Debug|Any CPU
		{5B881A26-ECD0-44D8-A143-206FEB27004B}.Debug|x64.Build.0 = Debug|Any CPU
		{5B881A26-ECD0-44D8-A143-206FEB27004B}.Debug|x86.ActiveCfg = Debug|Any CPU
		{5B881A26-ECD0-44D8-A143-206FEB27004B}.Debug|x86.Build.0 = Debug|Any CPU
		{5B881A26-ECD0-44D8-A143-206FEB27004B}.Release|Any CPU.ActiveCfg = Release|Any CPU
		{5B881A26-ECD0-44D8-A143-206FEB27004B}.Release|Any CPU.Build.0 = Release|Any CPU
		{5B881A26-ECD0-44D8-A143-206FEB27004B}.Release|Mixed Platforms.ActiveCfg = Release|Any CPU
		{5B881A26-ECD0-44D8-A143-206FEB27004B}.Release|Mixed Platforms.Build.0 = Release|Any CPU
		{5B881A26-ECD0-44D8-A143-206FEB27004B}.Release|Win32.ActiveCfg = Release|Any CPU
		{5B881A26-ECD0-44D8-A143-206FEB27004B}.Release|Win32.Build.0 = Release|Any CPU
		{5B881A26-ECD0-44D8-A143-206FEB27004B}.Release|x64.ActiveCfg = Release|Any CPU
		{5B881A26-ECD0-44D8-A143-206FEB27004B}.Release|x64.Build.0 = Release|Any CPU
		{5B881A26-ECD0-44D8-A143-206FEB27004B}.Release|x86.ActiveCfg = Release|Any CPU
		{5B881A26-ECD0-44D8-A143-206FEB27004B}.Release|x86.Build.0 = Release|Any CPU
		{3C6A3FC3-D929-495A-9E6B-C8335E78306D}.Debug|Any CPU.ActiveCfg = Debug|Any CPU
		{3C6A3FC3-D929-495A-9E6B-C8335E78306D}.Debug|Any CPU.Build.0 = Debug|Any CPU
		{3C6A3FC3-D929-495A-9E6B-C8335E78306D}.Debug|Mixed Platforms.ActiveCfg = Debug|Any CPU
		{3C6A3FC3-D929-495A-9E6B-C8335E78306D}.Debug|Mixed Platforms.Build.0 = Debug|Any CPU
		{3C6A3FC3-D929-495A-9E6B-C8335E78306D}.Debug|Win32.ActiveCfg = Debug|Any CPU
		{3C6A3FC3-D929-495A-9E6B-C8335E78306D}.Debug|Win32.Build.0 = Debug|Any CPU
		{3C6A3FC3-D929-495A-9E6B-C8335E78306D}.Debug|x64.ActiveCfg = Debug|Any CPU
		{3C6A3FC3-D929-495A-9E6B-C8335E78306D}.Debug|x64.Build.0 = Debug|Any CPU
		{3C6A3FC3-D929-495A-9E6B-C8335E78306D}.Debug|x86.ActiveCfg = Debug|Any CPU
		{3C6A3FC3-D929-495A-9E6B-C8335E78306D}.Debug|x86.Build.0 = Debug|Any CPU
		{3C6A3FC3-D929-495A-9E6B-C8335E78306D}.Release|Any CPU.ActiveCfg = Release|Any CPU
		{3C6A3FC3-D929-495A-9E6B-C8335E78306D}.Release|Any CPU.Build.0 = Release|Any CPU
		{3C6A3FC3-D929-495A-9E6B-C8335E78306D}.Release|Mixed Platforms.ActiveCfg = Release|Any CPU
		{3C6A3FC3-D929-495A-9E6B-C8335E78306D}.Release|Mixed Platforms.Build.0 = Release|Any CPU
		{3C6A3FC3-D929-495A-9E6B-C8335E78306D}.Release|Win32.ActiveCfg = Release|Any CPU
		{3C6A3FC3-D929-495A-9E6B-C8335E78306D}.Release|Win32.Build.0 = Release|Any CPU
		{3C6A3FC3-D929-495A-9E6B-C8335E78306D}.Release|x64.ActiveCfg = Release|Any CPU
		{3C6A3FC3-D929-495A-9E6B-C8335E78306D}.Release|x64.Build.0 = Release|Any CPU
		{3C6A3FC3-D929-495A-9E6B-C8335E78306D}.Release|x86.ActiveCfg = Release|Any CPU
		{3C6A3FC3-D929-495A-9E6B-C8335E78306D}.Release|x86.Build.0 = Release|Any CPU
		{F8AA2A78-BB40-4267-9BF8-CC7976CC0F09}.Debug|Any CPU.ActiveCfg = Debug|Any CPU
		{F8AA2A78-BB40-4267-9BF8-CC7976CC0F09}.Debug|Any CPU.Build.0 = Debug|Any CPU
		{F8AA2A78-BB40-4267-9BF8-CC7976CC0F09}.Debug|Mixed Platforms.ActiveCfg = Debug|Any CPU
		{F8AA2A78-BB40-4267-9BF8-CC7976CC0F09}.Debug|Mixed Platforms.Build.0 = Debug|Any CPU
		{F8AA2A78-BB40-4267-9BF8-CC7976CC0F09}.Debug|Win32.ActiveCfg = Debug|Any CPU
		{F8AA2A78-BB40-4267-9BF8-CC7976CC0F09}.Debug|Win32.Build.0 = Debug|Any CPU
		{F8AA2A78-BB40-4267-9BF8-CC7976CC0F09}.Debug|x64.ActiveCfg = Debug|Any CPU
		{F8AA2A78-BB40-4267-9BF8-CC7976CC0F09}.Debug|x64.Build.0 = Debug|Any CPU
		{F8AA2A78-BB40-4267-9BF8-CC7976CC0F09}.Debug|x86.ActiveCfg = Debug|Any CPU
		{F8AA2A78-BB40-4267-9BF8-CC7976CC0F09}.Debug|x86.Build.0 = Debug|Any CPU
		{F8AA2A78-BB40-4267-9BF8-CC7976CC0F09}.Release|Any CPU.ActiveCfg = Release|Any CPU
		{F8AA2A78-BB40-4267-9BF8-CC7976CC0F09}.Release|Any CPU.Build.0 = Release|Any CPU
		{F8AA2A78-BB40-4267-9BF8-CC7976CC0F09}.Release|Mixed Platforms.ActiveCfg = Release|Any CPU
		{F8AA2A78-BB40-4267-9BF8-CC7976CC0F09}.Release|Mixed Platforms.Build.0 = Release|Any CPU
		{F8AA2A78-BB40-4267-9BF8-CC7976CC0F09}.Release|Win32.ActiveCfg = Release|Any CPU
		{F8AA2A78-BB40-4267-9BF8-CC7976CC0F09}.Release|Win32.Build.0 = Release|Any CPU
		{F8AA2A78-BB40-4267-9BF8-CC7976CC0F09}.Release|x64.ActiveCfg = Release|Any CPU
		{F8AA2A78-BB40-4267-9BF8-CC7976CC0F09}.Release|x64.Build.0 = Release|Any CPU
		{F8AA2A78-BB40-4267-9BF8-CC7976CC0F09}.Release|x86.ActiveCfg = Release|Any CPU
		{F8AA2A78-BB40-4267-9BF8-CC7976CC0F09}.Release|x86.Build.0 = Release|Any CPU
		{5F819BCA-5AB9-4DA2-94D7-30BD1865F5CE}.Debug|Any CPU.ActiveCfg = Debug|Any CPU
		{5F819BCA-5AB9-4DA2-94D7-30BD1865F5CE}.Debug|Any CPU.Build.0 = Debug|Any CPU
		{5F819BCA-5AB9-4DA2-94D7-30BD1865F5CE}.Debug|Mixed Platforms.ActiveCfg = Debug|Any CPU
		{5F819BCA-5AB9-4DA2-94D7-30BD1865F5CE}.Debug|Mixed Platforms.Build.0 = Debug|Any CPU
		{5F819BCA-5AB9-4DA2-94D7-30BD1865F5CE}.Debug|Win32.ActiveCfg = Debug|Any CPU
		{5F819BCA-5AB9-4DA2-94D7-30BD1865F5CE}.Debug|Win32.Build.0 = Debug|Any CPU
		{5F819BCA-5AB9-4DA2-94D7-30BD1865F5CE}.Debug|x64.ActiveCfg = Debug|Any CPU
		{5F819BCA-5AB9-4DA2-94D7-30BD1865F5CE}.Debug|x64.Build.0 = Debug|Any CPU
		{5F819BCA-5AB9-4DA2-94D7-30BD1865F5CE}.Debug|x86.ActiveCfg = Debug|Any CPU
		{5F819BCA-5AB9-4DA2-94D7-30BD1865F5CE}.Debug|x86.Build.0 = Debug|Any CPU
		{5F819BCA-5AB9-4DA2-94D7-30BD1865F5CE}.Release|Any CPU.ActiveCfg = Release|Any CPU
		{5F819BCA-5AB9-4DA2-94D7-30BD1865F5CE}.Release|Any CPU.Build.0 = Release|Any CPU
		{5F819BCA-5AB9-4DA2-94D7-30BD1865F5CE}.Release|Mixed Platforms.ActiveCfg = Release|Any CPU
		{5F819BCA-5AB9-4DA2-94D7-30BD1865F5CE}.Release|Mixed Platforms.Build.0 = Release|Any CPU
		{5F819BCA-5AB9-4DA2-94D7-30BD1865F5CE}.Release|Win32.ActiveCfg = Release|Any CPU
		{5F819BCA-5AB9-4DA2-94D7-30BD1865F5CE}.Release|Win32.Build.0 = Release|Any CPU
		{5F819BCA-5AB9-4DA2-94D7-30BD1865F5CE}.Release|x64.ActiveCfg = Release|Any CPU
		{5F819BCA-5AB9-4DA2-94D7-30BD1865F5CE}.Release|x64.Build.0 = Release|Any CPU
		{5F819BCA-5AB9-4DA2-94D7-30BD1865F5CE}.Release|x86.ActiveCfg = Release|Any CPU
		{5F819BCA-5AB9-4DA2-94D7-30BD1865F5CE}.Release|x86.Build.0 = Release|Any CPU
		{41DF8617-31C5-4F9C-AAFB-F9276656380C}.Debug|Any CPU.ActiveCfg = Debug|Any CPU
		{41DF8617-31C5-4F9C-AAFB-F9276656380C}.Debug|Any CPU.Build.0 = Debug|Any CPU
		{41DF8617-31C5-4F9C-AAFB-F9276656380C}.Debug|Mixed Platforms.ActiveCfg = Debug|Any CPU
		{41DF8617-31C5-4F9C-AAFB-F9276656380C}.Debug|Mixed Platforms.Build.0 = Debug|Any CPU
		{41DF8617-31C5-4F9C-AAFB-F9276656380C}.Debug|Win32.ActiveCfg = Debug|Any CPU
		{41DF8617-31C5-4F9C-AAFB-F9276656380C}.Debug|Win32.Build.0 = Debug|Any CPU
		{41DF8617-31C5-4F9C-AAFB-F9276656380C}.Debug|x64.ActiveCfg = Debug|Any CPU
		{41DF8617-31C5-4F9C-AAFB-F9276656380C}.Debug|x64.Build.0 = Debug|Any CPU
		{41DF8617-31C5-4F9C-AAFB-F9276656380C}.Debug|x86.ActiveCfg = Debug|Any CPU
		{41DF8617-31C5-4F9C-AAFB-F9276656380C}.Debug|x86.Build.0 = Debug|Any CPU
		{41DF8617-31C5-4F9C-AAFB-F9276656380C}.Release|Any CPU.ActiveCfg = Release|Any CPU
		{41DF8617-31C5-4F9C-AAFB-F9276656380C}.Release|Any CPU.Build.0 = Release|Any CPU
		{41DF8617-31C5-4F9C-AAFB-F9276656380C}.Release|Mixed Platforms.ActiveCfg = Release|Any CPU
		{41DF8617-31C5-4F9C-AAFB-F9276656380C}.Release|Mixed Platforms.Build.0 = Release|Any CPU
		{41DF8617-31C5-4F9C-AAFB-F9276656380C}.Release|Win32.ActiveCfg = Release|Any CPU
		{41DF8617-31C5-4F9C-AAFB-F9276656380C}.Release|Win32.Build.0 = Release|Any CPU
		{41DF8617-31C5-4F9C-AAFB-F9276656380C}.Release|x64.ActiveCfg = Release|Any CPU
		{41DF8617-31C5-4F9C-AAFB-F9276656380C}.Release|x64.Build.0 = Release|Any CPU
		{41DF8617-31C5-4F9C-AAFB-F9276656380C}.Release|x86.ActiveCfg = Release|Any CPU
		{41DF8617-31C5-4F9C-AAFB-F9276656380C}.Release|x86.Build.0 = Release|Any CPU
		{93032712-F581-42D4-910F-670BDB44877F}.Debug|Any CPU.ActiveCfg = Debug|Any CPU
		{93032712-F581-42D4-910F-670BDB44877F}.Debug|Any CPU.Build.0 = Debug|Any CPU
		{93032712-F581-42D4-910F-670BDB44877F}.Debug|Mixed Platforms.ActiveCfg = Debug|Any CPU
		{93032712-F581-42D4-910F-670BDB44877F}.Debug|Mixed Platforms.Build.0 = Debug|Any CPU
		{93032712-F581-42D4-910F-670BDB44877F}.Debug|Win32.ActiveCfg = Debug|Any CPU
		{93032712-F581-42D4-910F-670BDB44877F}.Debug|Win32.Build.0 = Debug|Any CPU
		{93032712-F581-42D4-910F-670BDB44877F}.Debug|x64.ActiveCfg = Debug|Any CPU
		{93032712-F581-42D4-910F-670BDB44877F}.Debug|x64.Build.0 = Debug|Any CPU
		{93032712-F581-42D4-910F-670BDB44877F}.Debug|x86.ActiveCfg = Debug|Any CPU
		{93032712-F581-42D4-910F-670BDB44877F}.Debug|x86.Build.0 = Debug|Any CPU
		{93032712-F581-42D4-910F-670BDB44877F}.Release|Any CPU.ActiveCfg = Release|Any CPU
		{93032712-F581-42D4-910F-670BDB44877F}.Release|Any CPU.Build.0 = Release|Any CPU
		{93032712-F581-42D4-910F-670BDB44877F}.Release|Mixed Platforms.ActiveCfg = Release|Any CPU
		{93032712-F581-42D4-910F-670BDB44877F}.Release|Mixed Platforms.Build.0 = Release|Any CPU
		{93032712-F581-42D4-910F-670BDB44877F}.Release|Win32.ActiveCfg = Release|Any CPU
		{93032712-F581-42D4-910F-670BDB44877F}.Release|Win32.Build.0 = Release|Any CPU
		{93032712-F581-42D4-910F-670BDB44877F}.Release|x64.ActiveCfg = Release|Any CPU
		{93032712-F581-42D4-910F-670BDB44877F}.Release|x64.Build.0 = Release|Any CPU
		{93032712-F581-42D4-910F-670BDB44877F}.Release|x86.ActiveCfg = Release|Any CPU
		{93032712-F581-42D4-910F-670BDB44877F}.Release|x86.Build.0 = Release|Any CPU
		{7C32CC6A-7FDF-47CB-ADAE-35D2F7F59232}.Debug|Any CPU.ActiveCfg = Debug|Any CPU
		{7C32CC6A-7FDF-47CB-ADAE-35D2F7F59232}.Debug|Any CPU.Build.0 = Debug|Any CPU
		{7C32CC6A-7FDF-47CB-ADAE-35D2F7F59232}.Debug|Mixed Platforms.ActiveCfg = Debug|Any CPU
		{7C32CC6A-7FDF-47CB-ADAE-35D2F7F59232}.Debug|Mixed Platforms.Build.0 = Debug|Any CPU
		{7C32CC6A-7FDF-47CB-ADAE-35D2F7F59232}.Debug|Win32.ActiveCfg = Debug|Any CPU
		{7C32CC6A-7FDF-47CB-ADAE-35D2F7F59232}.Debug|Win32.Build.0 = Debug|Any CPU
		{7C32CC6A-7FDF-47CB-ADAE-35D2F7F59232}.Debug|x64.ActiveCfg = Debug|Any CPU
		{7C32CC6A-7FDF-47CB-ADAE-35D2F7F59232}.Debug|x64.Build.0 = Debug|Any CPU
		{7C32CC6A-7FDF-47CB-ADAE-35D2F7F59232}.Debug|x86.ActiveCfg = Debug|Any CPU
		{7C32CC6A-7FDF-47CB-ADAE-35D2F7F59232}.Debug|x86.Build.0 = Debug|Any CPU
		{7C32CC6A-7FDF-47CB-ADAE-35D2F7F59232}.Release|Any CPU.ActiveCfg = Release|Any CPU
		{7C32CC6A-7FDF-47CB-ADAE-35D2F7F59232}.Release|Any CPU.Build.0 = Release|Any CPU
		{7C32CC6A-7FDF-47CB-ADAE-35D2F7F59232}.Release|Mixed Platforms.ActiveCfg = Release|Any CPU
		{7C32CC6A-7FDF-47CB-ADAE-35D2F7F59232}.Release|Mixed Platforms.Build.0 = Release|Any CPU
		{7C32CC6A-7FDF-47CB-ADAE-35D2F7F59232}.Release|Win32.ActiveCfg = Release|Any CPU
		{7C32CC6A-7FDF-47CB-ADAE-35D2F7F59232}.Release|Win32.Build.0 = Release|Any CPU
		{7C32CC6A-7FDF-47CB-ADAE-35D2F7F59232}.Release|x64.ActiveCfg = Release|Any CPU
		{7C32CC6A-7FDF-47CB-ADAE-35D2F7F59232}.Release|x64.Build.0 = Release|Any CPU
		{7C32CC6A-7FDF-47CB-ADAE-35D2F7F59232}.Release|x86.ActiveCfg = Release|Any CPU
		{7C32CC6A-7FDF-47CB-ADAE-35D2F7F59232}.Release|x86.Build.0 = Release|Any CPU
		{96B81AD3-40A4-466A-A713-E1635381C6BB}.Debug|Any CPU.ActiveCfg = Debug|Any CPU
		{96B81AD3-40A4-466A-A713-E1635381C6BB}.Debug|Any CPU.Build.0 = Debug|Any CPU
		{96B81AD3-40A4-466A-A713-E1635381C6BB}.Debug|Mixed Platforms.ActiveCfg = Debug|Any CPU
		{96B81AD3-40A4-466A-A713-E1635381C6BB}.Debug|Mixed Platforms.Build.0 = Debug|Any CPU
		{96B81AD3-40A4-466A-A713-E1635381C6BB}.Debug|Win32.ActiveCfg = Debug|Any CPU
		{96B81AD3-40A4-466A-A713-E1635381C6BB}.Debug|Win32.Build.0 = Debug|Any CPU
		{96B81AD3-40A4-466A-A713-E1635381C6BB}.Debug|x64.ActiveCfg = Debug|Any CPU
		{96B81AD3-40A4-466A-A713-E1635381C6BB}.Debug|x64.Build.0 = Debug|Any CPU
		{96B81AD3-40A4-466A-A713-E1635381C6BB}.Debug|x86.ActiveCfg = Debug|Any CPU
		{96B81AD3-40A4-466A-A713-E1635381C6BB}.Debug|x86.Build.0 = Debug|Any CPU
		{96B81AD3-40A4-466A-A713-E1635381C6BB}.Release|Any CPU.ActiveCfg = Release|Any CPU
		{96B81AD3-40A4-466A-A713-E1635381C6BB}.Release|Any CPU.Build.0 = Release|Any CPU
		{96B81AD3-40A4-466A-A713-E1635381C6BB}.Release|Mixed Platforms.ActiveCfg = Release|Any CPU
		{96B81AD3-40A4-466A-A713-E1635381C6BB}.Release|Mixed Platforms.Build.0 = Release|Any CPU
		{96B81AD3-40A4-466A-A713-E1635381C6BB}.Release|Win32.ActiveCfg = Release|Any CPU
		{96B81AD3-40A4-466A-A713-E1635381C6BB}.Release|Win32.Build.0 = Release|Any CPU
		{96B81AD3-40A4-466A-A713-E1635381C6BB}.Release|x64.ActiveCfg = Release|Any CPU
		{96B81AD3-40A4-466A-A713-E1635381C6BB}.Release|x64.Build.0 = Release|Any CPU
		{96B81AD3-40A4-466A-A713-E1635381C6BB}.Release|x86.ActiveCfg = Release|Any CPU
		{96B81AD3-40A4-466A-A713-E1635381C6BB}.Release|x86.Build.0 = Release|Any CPU
	EndGlobalSection
	GlobalSection(SolutionProperties) = preSolution
		HideSolutionNode = FALSE
	EndGlobalSection
	GlobalSection(NestedProjects) = preSolution
		{35AC83A2-3064-4CCE-A62C-8BBA850A913B} = {4ED78A4F-B2C7-49EE-9D49-912B93BEDEB6}
		{529C4463-2CB9-4739-B407-E1167BC8A4F6} = {4ED78A4F-B2C7-49EE-9D49-912B93BEDEB6}
		{42328CAD-9A5E-482A-AC7C-7CAC96A9EF70} = {79384A33-5F3F-4B83-9B7E-9FC91709C362}
		{D8AEFB12-2E98-4704-B460-F08BCFDA3920} = {79384A33-5F3F-4B83-9B7E-9FC91709C362}
		{831210E9-F3F1-4E1E-A5C5-374CC9900603} = {79384A33-5F3F-4B83-9B7E-9FC91709C362}
		{4D78D548-EB9A-4562-9191-89B8256514DC} = {C498F6C2-8A33-4BB8-82C8-9C9CB6757D29}
		{5B881A26-ECD0-44D8-A143-206FEB27004B} = {79384A33-5F3F-4B83-9B7E-9FC91709C362}
		{3C6A3FC3-D929-495A-9E6B-C8335E78306D} = {C498F6C2-8A33-4BB8-82C8-9C9CB6757D29}
		{D5A85B61-7533-455A-BC1F-36EB83E1BF88} = {3E580E85-7BEF-4114-B8C5-E0486B5282C8}
		{F8AA2A78-BB40-4267-9BF8-CC7976CC0F09} = {C498F6C2-8A33-4BB8-82C8-9C9CB6757D29}
		{5F819BCA-5AB9-4DA2-94D7-30BD1865F5CE} = {C498F6C2-8A33-4BB8-82C8-9C9CB6757D29}
		{41DF8617-31C5-4F9C-AAFB-F9276656380C} = {8D3C5AA5-4B6A-4FFB-A18A-3CE27E2563AB}
		{93032712-F581-42D4-910F-670BDB44877F} = {79384A33-5F3F-4B83-9B7E-9FC91709C362}
		{7C32CC6A-7FDF-47CB-ADAE-35D2F7F59232} = {8D3C5AA5-4B6A-4FFB-A18A-3CE27E2563AB}
		{96B81AD3-40A4-466A-A713-E1635381C6BB} = {8D3C5AA5-4B6A-4FFB-A18A-3CE27E2563AB}
	EndGlobalSection
	GlobalSection(ExtensibilityGlobals) = postSolution
		SolutionGuid = {556C49E4-57A4-4C18-8709-B3EB6E30B2AB}
	EndGlobalSection
EndGlobal
