<Solution>
  <Folder Name="/SimControl.Samples/">
    <Project Path="SimControl.Samples.CSharp.ClassLibrary/SimControl.Samples.CSharp.ClassLibrary.csproj" />
    <Project Path="SimControl.Samples.CSharp.ConsoleApp/SimControl.Samples.CSharp.ConsoleApp.csproj" />
    <Project Path="SimControl.Samples.CSharp.NUnitTests/SimControl.Samples.CSharp.NUnitTests.csproj" Id="fc971f6b-a676-4cf3-93c0-2a1c9497bed8" />
    <Project Path="SimControl.Samples.CSharp.Tests/SimControl.Samples.CSharp.Tests.csproj" />
    <Project Path="SimControl.Samples.CSharp.TUnitTests/SimControl.Samples.CSharp.TUnitTests.csproj" Id="8938659d-772e-4fe9-8de3-c1dc193be231" />
    <Project Path="SimControl.Samples.CSharp.WcfClient/SimControl.Samples.CSharp.WcfClient.csproj" Id="a7115e75-9b1f-415c-8607-c3a8abf01e13" />
    <Project Path="SimControl.Samples.CSharp.WcfServiceLibrary/SimControl.Samples.CSharp.WcfServiceLibrary.csproj" Id="2e1bdbfc-0d59-439c-a735-80d572f36198" />
    <Project Path="SimControl.Samples.CSharp.WpfApp/SimControl.Samples.CSharp.WpfApp.csproj" />
    <Project Path="SimControl.Samples.CSharp.WpfApp_net10_0/SimControl.Samples.CSharp.WpfApp_net10_0.csproj" Id="d8e8c311-447c-4054-a640-2dd7d85bb539" />
    <Project Path="SimControl.Samples.CSharp.WpfApp_net480/SimControl.Samples.CSharp.WpfApp_net480.csproj" Id="bc2e07cb-1d60-4cbe-80b7-d7ecb563cda4" />
  </Folder>
  <Folder Name="/SimControl.Templates/">
    <File Path="SimControl.Templates/.gitattributes" />
    <File Path="SimControl.Templates/.gitignore" />
    <File Path="SimControl.Templates/.gitkeep" />
    <File Path="SimControl.Templates/CHANGELOG.md" />
    <File Path="SimControl.Templates/README.md" />
    <Project Path="SimControl.Templates.CSharp.ClassLibrary/SimControl.Templates.CSharp.ClassLibrary.csproj" />
    <Project Path="SimControl.Templates.CSharp.ConsoleApp/SimControl.Templates.CSharp.ConsoleApp.csproj" />
    <Project Path="SimControl.Templates.CSharp.NUnit.Tests/SimControl.Templates.CSharp.NUnit.Tests.csproj" />
    <Project Path="SimControl.Templates.CSharp.Tests/SimControl.Templates.CSharp.Tests.csproj" />
    <Project Path="SimControl.Templates.CSharp.WcfServiceLibrary/SimControl.Templates.CSharp.WcfServiceLibrary.csproj" Id="d461f86b-efb1-48e5-9239-9b648df3e0cd" />
  </Folder>
  <Folder Name="/SimControl.Templates/SimControl.ItemTemplates.CSharp.Class/">
    <File Path="SimControl.Templates/SimControl.ItemTemplates.CSharp.Class/Class.cs" />
    <File Path="SimControl.Templates/SimControl.ItemTemplates.CSharp.Class/SimControl.ItemTemplates.CSharp.Class.vstemplate" />
    <File Path="SimControl.Templates/SimControl.ItemTemplates.CSharp.Class/TemplateIcon.ico" />
  </Folder>
  <Folder Name="/SimControl.Templates/SimControl.ItemTemplates.CSharp.TestClass/">
    <File Path="SimControl.Templates/SimControl.ItemTemplates.CSharp.TestClass/SimControl.ItemTemplates.CSharp.TestClass.vstemplate" />
    <File Path="SimControl.Templates/SimControl.ItemTemplates.CSharp.TestClass/TemplateIcon.ico" />
    <File Path="SimControl.Templates/SimControl.ItemTemplates.CSharp.TestClass/TestClass.cs" />
  </Folder>
  <Folder Name="/SimControl.Templates/Snippets/">
    <File Path="SimControl.Templates/Snippets/dispose.snippet" />
    <File Path="SimControl.Templates/Snippets/inheritdoc.snippet" />
    <File Path="SimControl.Templates/Snippets/simcontrol.snippet" />
    <File Path="SimControl.Templates/Snippets/testmethod.snippet" />
  </Folder>
  <Folder Name="/SimControl/">
    <Project Path="SimControl.Logging.Tests/SimControl.Logging.Tests.csproj" />
    <Project Path="SimControl.Logging/SimControl.Logging.csproj" />
    <Project Path="SimControl.Reactive.Tests/SimControl.Reactive.Tests.csproj" />
    <Project Path="SimControl.Reactive/SimControl.Reactive.csproj" />
    <Project Path="SimControl.TestUtils.Tests/SimControl.Testutils.Tests.csproj" />
    <Project Path="SimControl.TestUtils/SimControl.TestUtils.csproj" />
  </Folder>
  <Folder Name="/_SolutionItems/">
    <File Path=".editorconfig" />
    <File Path=".gitattributes" />
    <File Path=".gitignore" />
    <File Path="App.config" />
    <File Path="App.Debug.config" />
    <File Path="App.Release.config" />
    <File Path="CHANGELOG.md" />
    <File Path="Directory.Build.props" />
    <File Path="Directory.Packages.props" />
    <File Path="KeyPair.snk" />
    <File Path="LICENSE" />
    <File Path="NLog.IntegrationTests.config" />
    <File Path="NLog.Tests.config" />
    <File Path="NUnit.runsettings" />
    <File Path="NUnitCoverage.runsettings" />
    <File Path="PackageIcon.png" />
    <File Path="README.md" />
    <File Path="SolutionAssemblyInfo.cs" />
    <File Path="Templates.Build.ps1" />
    <File Path="Templates.Install.ps1" />
  </Folder>
</Solution>
